PODS:
  - AFNetworking (3.2.1):
    - AFNetworking/NSURLSession (= 3.2.1)
    - AFNetworking/Reachability (= 3.2.1)
    - AFNetworking/Security (= 3.2.1)
    - AFNetworking/Serialization (= 3.2.1)
    - AFNetworking/UIKit (= 3.2.1)
  - AFNetworking/NSURLSession (3.2.1):
    - AFNetworking/Reachability
    - AFNetworking/Security
    - AFNetworking/Serialization
  - AFNetworking/Reachability (3.2.1)
  - AFNetworking/Security (3.2.1)
  - AFNetworking/Serialization (3.2.1)
  - AFNetworking/UIKit (3.2.1):
    - AFNetworking/NSURLSession
  - ASProgressPopUpView (0.9)
  - BlocksKit (2.2.5):
    - BlocksKit/All (= 2.2.5)
  - BlocksKit/All (2.2.5):
    - BlocksKit/Core
    - BlocksKit/DynamicDelegate
    - BlocksKit/MessageUI
    - BlocksKit/UIKit
  - BlocksKit/Core (2.2.5)
  - BlocksKit/DynamicDelegate (2.2.5)
  - BlocksKit/MessageUI (2.2.5):
    - BlocksKit/Core
    - BlocksKit/DynamicDelegate
  - BlocksKit/UIKit (2.2.5):
    - BlocksKit/Core
    - BlocksKit/DynamicDelegate
  - MMDrawerController (0.6.0):
    - MMDrawerController/Core (= 0.6.0)
    - MMDrawerController/MMDrawerBarButtonItem (= 0.6.0)
    - MMDrawerController/MMDrawerVisualStates (= 0.6.0)
    - MMDrawerController/Subclass (= 0.6.0)
  - MMDrawerController/Core (0.6.0)
  - MMDrawerController/MMDrawerBarButtonItem (0.6.0):
    - MMDrawerController/Core
  - MMDrawerController/MMDrawerVisualStates (0.6.0):
    - MMDrawerController/Core
  - MMDrawerController/Subclass (0.6.0):
    - MMDrawerController/Core
  - SDWebImage (5.6.1):
    - SDWebImage/Core (= 5.6.1)
  - SDWebImage/Core (5.6.1)
  - SwiftFormat/CLI (0.44.6)
  - SwiftGen (6.1.0)
  - SwiftLint (0.39.1)
  - WYPopoverController (0.3.9)

DEPENDENCIES:
  - AFNetworking
  - ASProgressPopUpView
  - BlocksKit
  - MMDrawerController
  - SDWebImage
  - SwiftFormat/CLI
  - SwiftGen
  - SwiftLint
  - WYPopoverController

SPEC REPOS:
  https://github.com/CocoaPods/Specs.git:
    - AFNetworking
    - ASProgressPopUpView
    - BlocksKit
    - MMDrawerController
    - SDWebImage
    - SwiftFormat
    - SwiftGen
    - SwiftLint
    - WYPopoverController

SPEC CHECKSUMS:
  AFNetworking: b6f891fdfaed196b46c7a83cf209e09697b94057
  ASProgressPopUpView: dfe44c9a0313ac93a8092bd361b59f52c83a7560
  BlocksKit: 7f422b971407001178d181a43b99014ea2591fe6
  MMDrawerController: e3a54a5570388463ad3b36975251575b50c4e1a0
  SDWebImage: 7edb9c3ea661e77a66661f7f044de8c1b55d1120
  SwiftFormat: 226f259067268a452772fc2bd635bbcecb5ecb09
  SwiftGen: f872ca75cbd17bf7103c17f13dcfa0d9a15667b0
  SwiftLint: 55e96a4a4d537d4a3156859fc1c54bd24851a046
  WYPopoverController: a9db25ac2841a686acdc0f3a99bdb21545db32f4

PODFILE CHECKSUM: 0bcc076d55dd2996d868cd72574f8ff8ed5082cf

COCOAPODS: 1.8.4
