// !$*UTF8*$!
{
	archiveVersion = 1;
	classes = {
	};
	objectVersion = 50;
	objects = {

/* Begin PBXBuildFile section */
		1D5D020A23BF47E9004B0314 /* TankPivotViewController.swift in Sources */ = {isa = PBXBuildFile; fileRef = 1D5D020923BF47E9004B0314 /* TankPivotViewController.swift */; };
		1D8ACEDA22A7E90000CF309B /* AppDelegate.swift in Sources */ = {isa = PBXBuildFile; fileRef = 1D8ACED922A7E90000CF309B /* AppDelegate.swift */; };
		1D8ACEDC22A7E90000CF309B /* ViewController.swift in Sources */ = {isa = PBXBuildFile; fileRef = 1D8ACEDB22A7E90000CF309B /* ViewController.swift */; };
		1D8ACEDF22A7E90000CF309B /* Main.storyboard in Resources */ = {isa = PBXBuildFile; fileRef = 1D8ACEDD22A7E90000CF309B /* Main.storyboard */; };
		1D8ACEE122A7E90100CF309B /* Assets.xcassets in Resources */ = {isa = PBXBuildFile; fileRef = 1D8ACEE022A7E90100CF309B /* Assets.xcassets */; };
		1D8ACEE422A7E90100CF309B /* LaunchScreen.storyboard in Resources */ = {isa = PBXBuildFile; fileRef = 1D8ACEE222A7E90100CF309B /* LaunchScreen.storyboard */; };
		1D8ACEEF22A7E90100CF309B /* WOTPivotSamplesTests.swift in Sources */ = {isa = PBXBuildFile; fileRef = 1D8ACEEE22A7E90100CF309B /* WOTPivotSamplesTests.swift */; };
		1D8ACEFA22A7EA7300CF309B /* SteelPivotViewController.swift in Sources */ = {isa = PBXBuildFile; fileRef = 1D8ACEF922A7EA7300CF309B /* SteelPivotViewController.swift */; };
		1D8ACF0322A9284D00CF309B /* steel in Resources */ = {isa = PBXBuildFile; fileRef = 1D8ACF0222A9284D00CF309B /* steel */; };
		DA0BC4A52952DBC400E01D54 /* ContextSDK.framework in Frameworks */ = {isa = PBXBuildFile; fileRef = DA0BC4A42952DBC400E01D54 /* ContextSDK.framework */; };
		DA0BC4A62952DBC400E01D54 /* ContextSDK.framework in Embed Frameworks */ = {isa = PBXBuildFile; fileRef = DA0BC4A42952DBC400E01D54 /* ContextSDK.framework */; settings = {ATTRIBUTES = (CodeSignOnCopy, RemoveHeadersOnCopy, ); }; };
		DA0BC4AB2952DBD600E01D54 /* WOTPivot.framework in Frameworks */ = {isa = PBXBuildFile; fileRef = DA0BC4AA2952DBD600E01D54 /* WOTPivot.framework */; };
		DA0BC4AC2952DBD600E01D54 /* WOTPivot.framework in Embed Frameworks */ = {isa = PBXBuildFile; fileRef = DA0BC4AA2952DBD600E01D54 /* WOTPivot.framework */; settings = {ATTRIBUTES = (CodeSignOnCopy, RemoveHeadersOnCopy, ); }; };
/* End PBXBuildFile section */

/* Begin PBXContainerItemProxy section */
		1D8ACEEB22A7E90100CF309B /* PBXContainerItemProxy */ = {
			isa = PBXContainerItemProxy;
			containerPortal = 1D8ACECE22A7E90000CF309B /* Project object */;
			proxyType = 1;
			remoteGlobalIDString = 1D8ACED522A7E90000CF309B;
			remoteInfo = WOTPivotSamples;
		};
/* End PBXContainerItemProxy section */

/* Begin PBXCopyFilesBuildPhase section */
		1D7E068D247CE8EB008CB848 /* Embed Frameworks */ = {
			isa = PBXCopyFilesBuildPhase;
			buildActionMask = 2147483647;
			dstPath = "";
			dstSubfolderSpec = 10;
			files = (
				DA0BC4A62952DBC400E01D54 /* ContextSDK.framework in Embed Frameworks */,
				DA0BC4AC2952DBD600E01D54 /* WOTPivot.framework in Embed Frameworks */,
			);
			name = "Embed Frameworks";
			runOnlyForDeploymentPostprocessing = 0;
		};
/* End PBXCopyFilesBuildPhase section */

/* Begin PBXFileReference section */
		1D5D020923BF47E9004B0314 /* TankPivotViewController.swift */ = {isa = PBXFileReference; lastKnownFileType = sourcecode.swift; path = TankPivotViewController.swift; sourceTree = "<group>"; };
		1D8ACED622A7E90000CF309B /* WOTPivotSamples.app */ = {isa = PBXFileReference; explicitFileType = wrapper.application; includeInIndex = 0; path = WOTPivotSamples.app; sourceTree = BUILT_PRODUCTS_DIR; };
		1D8ACED922A7E90000CF309B /* AppDelegate.swift */ = {isa = PBXFileReference; lastKnownFileType = sourcecode.swift; path = AppDelegate.swift; sourceTree = "<group>"; };
		1D8ACEDB22A7E90000CF309B /* ViewController.swift */ = {isa = PBXFileReference; lastKnownFileType = sourcecode.swift; path = ViewController.swift; sourceTree = "<group>"; };
		1D8ACEDE22A7E90000CF309B /* Base */ = {isa = PBXFileReference; lastKnownFileType = file.storyboard; name = Base; path = Base.lproj/Main.storyboard; sourceTree = "<group>"; };
		1D8ACEE022A7E90100CF309B /* Assets.xcassets */ = {isa = PBXFileReference; lastKnownFileType = folder.assetcatalog; path = Assets.xcassets; sourceTree = "<group>"; };
		1D8ACEE322A7E90100CF309B /* Base */ = {isa = PBXFileReference; lastKnownFileType = file.storyboard; name = Base; path = Base.lproj/LaunchScreen.storyboard; sourceTree = "<group>"; };
		1D8ACEE522A7E90100CF309B /* Info.plist */ = {isa = PBXFileReference; lastKnownFileType = text.plist.xml; path = Info.plist; sourceTree = "<group>"; };
		1D8ACEEA22A7E90100CF309B /* WOTPivotSamplesTests.xctest */ = {isa = PBXFileReference; explicitFileType = wrapper.cfbundle; includeInIndex = 0; path = WOTPivotSamplesTests.xctest; sourceTree = BUILT_PRODUCTS_DIR; };
		1D8ACEEE22A7E90100CF309B /* WOTPivotSamplesTests.swift */ = {isa = PBXFileReference; lastKnownFileType = sourcecode.swift; path = WOTPivotSamplesTests.swift; sourceTree = "<group>"; };
		1D8ACEF022A7E90100CF309B /* Info.plist */ = {isa = PBXFileReference; lastKnownFileType = text.plist.xml; path = Info.plist; sourceTree = "<group>"; };
		1D8ACEF922A7EA7300CF309B /* SteelPivotViewController.swift */ = {isa = PBXFileReference; lastKnownFileType = sourcecode.swift; path = SteelPivotViewController.swift; sourceTree = "<group>"; };
		1D8ACF0222A9284D00CF309B /* steel */ = {isa = PBXFileReference; lastKnownFileType = folder; path = steel; sourceTree = "<group>"; };
		DA0BC4A42952DBC400E01D54 /* ContextSDK.framework */ = {isa = PBXFileReference; explicitFileType = wrapper.framework; path = ContextSDK.framework; sourceTree = BUILT_PRODUCTS_DIR; };
		DA0BC4A72952DBCD00E01D54 /* WOTData.framework */ = {isa = PBXFileReference; explicitFileType = wrapper.framework; path = WOTData.framework; sourceTree = BUILT_PRODUCTS_DIR; };
		DA0BC4AA2952DBD600E01D54 /* WOTPivot.framework */ = {isa = PBXFileReference; explicitFileType = wrapper.framework; path = WOTPivot.framework; sourceTree = BUILT_PRODUCTS_DIR; };
		DA0BC4B02952DBFF00E01D54 /* WOTKit.framework */ = {isa = PBXFileReference; explicitFileType = wrapper.framework; path = WOTKit.framework; sourceTree = BUILT_PRODUCTS_DIR; };
/* End PBXFileReference section */

/* Begin PBXFrameworksBuildPhase section */
		1D8ACED322A7E90000CF309B /* Frameworks */ = {
			isa = PBXFrameworksBuildPhase;
			buildActionMask = 2147483647;
			files = (
				DA0BC4A52952DBC400E01D54 /* ContextSDK.framework in Frameworks */,
				DA0BC4AB2952DBD600E01D54 /* WOTPivot.framework in Frameworks */,
			);
			runOnlyForDeploymentPostprocessing = 0;
		};
		1D8ACEE722A7E90100CF309B /* Frameworks */ = {
			isa = PBXFrameworksBuildPhase;
			buildActionMask = 2147483647;
			files = (
			);
			runOnlyForDeploymentPostprocessing = 0;
		};
/* End PBXFrameworksBuildPhase section */

/* Begin PBXGroup section */
		1D7E0683247CE8EA008CB848 /* Frameworks */ = {
			isa = PBXGroup;
			children = (
				DA0BC4B02952DBFF00E01D54 /* WOTKit.framework */,
				DA0BC4AA2952DBD600E01D54 /* WOTPivot.framework */,
				DA0BC4A72952DBCD00E01D54 /* WOTData.framework */,
				DA0BC4A42952DBC400E01D54 /* ContextSDK.framework */,
			);
			name = Frameworks;
			sourceTree = "<group>";
		};
		1D8ACECD22A7E90000CF309B = {
			isa = PBXGroup;
			children = (
				1D8ACED822A7E90000CF309B /* WOTPivotSamples */,
				1D8ACEED22A7E90100CF309B /* WOTPivotSamplesTests */,
				1D8ACED722A7E90000CF309B /* Products */,
				1D7E0683247CE8EA008CB848 /* Frameworks */,
			);
			sourceTree = "<group>";
		};
		1D8ACED722A7E90000CF309B /* Products */ = {
			isa = PBXGroup;
			children = (
				1D8ACED622A7E90000CF309B /* WOTPivotSamples.app */,
				1D8ACEEA22A7E90100CF309B /* WOTPivotSamplesTests.xctest */,
			);
			name = Products;
			sourceTree = "<group>";
		};
		1D8ACED822A7E90000CF309B /* WOTPivotSamples */ = {
			isa = PBXGroup;
			children = (
				1D8ACF0222A9284D00CF309B /* steel */,
				1D8ACED922A7E90000CF309B /* AppDelegate.swift */,
				1D8ACEDB22A7E90000CF309B /* ViewController.swift */,
				1D8ACEF922A7EA7300CF309B /* SteelPivotViewController.swift */,
				1D5D020923BF47E9004B0314 /* TankPivotViewController.swift */,
				1D8ACEDD22A7E90000CF309B /* Main.storyboard */,
				1D8ACEE022A7E90100CF309B /* Assets.xcassets */,
				1D8ACEE222A7E90100CF309B /* LaunchScreen.storyboard */,
				1D8ACEE522A7E90100CF309B /* Info.plist */,
			);
			path = WOTPivotSamples;
			sourceTree = "<group>";
		};
		1D8ACEED22A7E90100CF309B /* WOTPivotSamplesTests */ = {
			isa = PBXGroup;
			children = (
				1D8ACEEE22A7E90100CF309B /* WOTPivotSamplesTests.swift */,
				1D8ACEF022A7E90100CF309B /* Info.plist */,
			);
			path = WOTPivotSamplesTests;
			sourceTree = "<group>";
		};
/* End PBXGroup section */

/* Begin PBXNativeTarget section */
		1D8ACED522A7E90000CF309B /* WOTPivotSamples */ = {
			isa = PBXNativeTarget;
			buildConfigurationList = 1D8ACEF322A7E90100CF309B /* Build configuration list for PBXNativeTarget "WOTPivotSamples" */;
			buildPhases = (
				1D8ACED222A7E90000CF309B /* Sources */,
				1D8ACED322A7E90000CF309B /* Frameworks */,
				1D8ACED422A7E90000CF309B /* Resources */,
				1D7E068D247CE8EB008CB848 /* Embed Frameworks */,
			);
			buildRules = (
			);
			dependencies = (
			);
			name = WOTPivotSamples;
			productName = WOTPivotSamples;
			productReference = 1D8ACED622A7E90000CF309B /* WOTPivotSamples.app */;
			productType = "com.apple.product-type.application";
		};
		1D8ACEE922A7E90100CF309B /* WOTPivotSamplesTests */ = {
			isa = PBXNativeTarget;
			buildConfigurationList = 1D8ACEF622A7E90100CF309B /* Build configuration list for PBXNativeTarget "WOTPivotSamplesTests" */;
			buildPhases = (
				1D8ACEE622A7E90100CF309B /* Sources */,
				1D8ACEE722A7E90100CF309B /* Frameworks */,
				1D8ACEE822A7E90100CF309B /* Resources */,
			);
			buildRules = (
			);
			dependencies = (
				1D8ACEEC22A7E90100CF309B /* PBXTargetDependency */,
			);
			name = WOTPivotSamplesTests;
			productName = WOTPivotSamplesTests;
			productReference = 1D8ACEEA22A7E90100CF309B /* WOTPivotSamplesTests.xctest */;
			productType = "com.apple.product-type.bundle.unit-test";
		};
/* End PBXNativeTarget section */

/* Begin PBXProject section */
		1D8ACECE22A7E90000CF309B /* Project object */ = {
			isa = PBXProject;
			attributes = {
				LastSwiftUpdateCheck = 1020;
				LastUpgradeCheck = 1250;
				ORGANIZATIONNAME = "Pavel Yeshchyk";
				TargetAttributes = {
					1D8ACED522A7E90000CF309B = {
						CreatedOnToolsVersion = 10.2.1;
					};
					1D8ACEE922A7E90100CF309B = {
						CreatedOnToolsVersion = 10.2.1;
						TestTargetID = 1D8ACED522A7E90000CF309B;
					};
				};
			};
			buildConfigurationList = 1D8ACED122A7E90000CF309B /* Build configuration list for PBXProject "WOTPivotSamples" */;
			compatibilityVersion = "Xcode 9.3";
			developmentRegion = en;
			hasScannedForEncodings = 0;
			knownRegions = (
				en,
				Base,
			);
			mainGroup = 1D8ACECD22A7E90000CF309B;
			productRefGroup = 1D8ACED722A7E90000CF309B /* Products */;
			projectDirPath = "";
			projectRoot = "";
			targets = (
				1D8ACED522A7E90000CF309B /* WOTPivotSamples */,
				1D8ACEE922A7E90100CF309B /* WOTPivotSamplesTests */,
			);
		};
/* End PBXProject section */

/* Begin PBXResourcesBuildPhase section */
		1D8ACED422A7E90000CF309B /* Resources */ = {
			isa = PBXResourcesBuildPhase;
			buildActionMask = 2147483647;
			files = (
				1D8ACEE422A7E90100CF309B /* LaunchScreen.storyboard in Resources */,
				1D8ACEE122A7E90100CF309B /* Assets.xcassets in Resources */,
				1D8ACF0322A9284D00CF309B /* steel in Resources */,
				1D8ACEDF22A7E90000CF309B /* Main.storyboard in Resources */,
			);
			runOnlyForDeploymentPostprocessing = 0;
		};
		1D8ACEE822A7E90100CF309B /* Resources */ = {
			isa = PBXResourcesBuildPhase;
			buildActionMask = 2147483647;
			files = (
			);
			runOnlyForDeploymentPostprocessing = 0;
		};
/* End PBXResourcesBuildPhase section */

/* Begin PBXSourcesBuildPhase section */
		1D8ACED222A7E90000CF309B /* Sources */ = {
			isa = PBXSourcesBuildPhase;
			buildActionMask = 2147483647;
			files = (
				1D8ACEFA22A7EA7300CF309B /* SteelPivotViewController.swift in Sources */,
				1D8ACEDC22A7E90000CF309B /* ViewController.swift in Sources */,
				1D8ACEDA22A7E90000CF309B /* AppDelegate.swift in Sources */,
				1D5D020A23BF47E9004B0314 /* TankPivotViewController.swift in Sources */,
			);
			runOnlyForDeploymentPostprocessing = 0;
		};
		1D8ACEE622A7E90100CF309B /* Sources */ = {
			isa = PBXSourcesBuildPhase;
			buildActionMask = 2147483647;
			files = (
				1D8ACEEF22A7E90100CF309B /* WOTPivotSamplesTests.swift in Sources */,
			);
			runOnlyForDeploymentPostprocessing = 0;
		};
/* End PBXSourcesBuildPhase section */

/* Begin PBXTargetDependency section */
		1D8ACEEC22A7E90100CF309B /* PBXTargetDependency */ = {
			isa = PBXTargetDependency;
			target = 1D8ACED522A7E90000CF309B /* WOTPivotSamples */;
			targetProxy = 1D8ACEEB22A7E90100CF309B /* PBXContainerItemProxy */;
		};
/* End PBXTargetDependency section */

/* Begin PBXVariantGroup section */
		1D8ACEDD22A7E90000CF309B /* Main.storyboard */ = {
			isa = PBXVariantGroup;
			children = (
				1D8ACEDE22A7E90000CF309B /* Base */,
			);
			name = Main.storyboard;
			sourceTree = "<group>";
		};
		1D8ACEE222A7E90100CF309B /* LaunchScreen.storyboard */ = {
			isa = PBXVariantGroup;
			children = (
				1D8ACEE322A7E90100CF309B /* Base */,
			);
			name = LaunchScreen.storyboard;
			sourceTree = "<group>";
		};
/* End PBXVariantGroup section */

/* Begin XCBuildConfiguration section */
		1D8ACEF122A7E90100CF309B /* Debug */ = {
			isa = XCBuildConfiguration;
			buildSettings = {
				ALWAYS_SEARCH_USER_PATHS = NO;
				CLANG_ANALYZER_NONNULL = YES;
				CLANG_ANALYZER_NUMBER_OBJECT_CONVERSION = YES_AGGRESSIVE;
				CLANG_CXX_LANGUAGE_STANDARD = "gnu++14";
				CLANG_CXX_LIBRARY = "libc++";
				CLANG_ENABLE_MODULES = YES;
				CLANG_ENABLE_OBJC_ARC = YES;
				CLANG_ENABLE_OBJC_WEAK = YES;
				CLANG_WARN_BLOCK_CAPTURE_AUTORELEASING = YES;
				CLANG_WARN_BOOL_CONVERSION = YES;
				CLANG_WARN_COMMA = YES;
				CLANG_WARN_CONSTANT_CONVERSION = YES;
				CLANG_WARN_DEPRECATED_OBJC_IMPLEMENTATIONS = YES;
				CLANG_WARN_DIRECT_OBJC_ISA_USAGE = YES_ERROR;
				CLANG_WARN_DOCUMENTATION_COMMENTS = YES;
				CLANG_WARN_EMPTY_BODY = YES;
				CLANG_WARN_ENUM_CONVERSION = YES;
				CLANG_WARN_INFINITE_RECURSION = YES;
				CLANG_WARN_INT_CONVERSION = YES;
				CLANG_WARN_NON_LITERAL_NULL_CONVERSION = YES;
				CLANG_WARN_OBJC_IMPLICIT_RETAIN_SELF = YES;
				CLANG_WARN_OBJC_LITERAL_CONVERSION = YES;
				CLANG_WARN_OBJC_ROOT_CLASS = YES_ERROR;
				CLANG_WARN_QUOTED_INCLUDE_IN_FRAMEWORK_HEADER = YES;
				CLANG_WARN_RANGE_LOOP_ANALYSIS = YES;
				CLANG_WARN_STRICT_PROTOTYPES = YES;
				CLANG_WARN_SUSPICIOUS_MOVE = YES;
				CLANG_WARN_UNGUARDED_AVAILABILITY = YES_AGGRESSIVE;
				CLANG_WARN_UNREACHABLE_CODE = YES;
				CLANG_WARN__DUPLICATE_METHOD_MATCH = YES;
				CODE_SIGN_IDENTITY = "iPhone Developer";
				COPY_PHASE_STRIP = NO;
				DEBUG_INFORMATION_FORMAT = dwarf;
				ENABLE_STRICT_OBJC_MSGSEND = YES;
				ENABLE_TESTABILITY = YES;
				GCC_C_LANGUAGE_STANDARD = gnu11;
				GCC_DYNAMIC_NO_PIC = NO;
				GCC_NO_COMMON_BLOCKS = YES;
				GCC_OPTIMIZATION_LEVEL = 0;
				GCC_PREPROCESSOR_DEFINITIONS = (
					"DEBUG=1",
					"$(inherited)",
				);
				GCC_WARN_64_TO_32_BIT_CONVERSION = YES;
				GCC_WARN_ABOUT_RETURN_TYPE = YES_ERROR;
				GCC_WARN_UNDECLARED_SELECTOR = YES;
				GCC_WARN_UNINITIALIZED_AUTOS = YES_AGGRESSIVE;
				GCC_WARN_UNUSED_FUNCTION = YES;
				GCC_WARN_UNUSED_VARIABLE = YES;
				IPHONEOS_DEPLOYMENT_TARGET = 11.1;
				MTL_ENABLE_DEBUG_INFO = INCLUDE_SOURCE;
				MTL_FAST_MATH = YES;
				ONLY_ACTIVE_ARCH = YES;
				SDKROOT = iphoneos;
				SWIFT_ACTIVE_COMPILATION_CONDITIONS = DEBUG;
				SWIFT_OPTIMIZATION_LEVEL = "-Onone";
			};
			name = Debug;
		};
		1D8ACEF222A7E90100CF309B /* Release */ = {
			isa = XCBuildConfiguration;
			buildSettings = {
				ALWAYS_SEARCH_USER_PATHS = NO;
				CLANG_ANALYZER_NONNULL = YES;
				CLANG_ANALYZER_NUMBER_OBJECT_CONVERSION = YES_AGGRESSIVE;
				CLANG_CXX_LANGUAGE_STANDARD = "gnu++14";
				CLANG_CXX_LIBRARY = "libc++";
				CLANG_ENABLE_MODULES = YES;
				CLANG_ENABLE_OBJC_ARC = YES;
				CLANG_ENABLE_OBJC_WEAK = YES;
				CLANG_WARN_BLOCK_CAPTURE_AUTORELEASING = YES;
				CLANG_WARN_BOOL_CONVERSION = YES;
				CLANG_WARN_COMMA = YES;
				CLANG_WARN_CONSTANT_CONVERSION = YES;
				CLANG_WARN_DEPRECATED_OBJC_IMPLEMENTATIONS = YES;
				CLANG_WARN_DIRECT_OBJC_ISA_USAGE = YES_ERROR;
				CLANG_WARN_DOCUMENTATION_COMMENTS = YES;
				CLANG_WARN_EMPTY_BODY = YES;
				CLANG_WARN_ENUM_CONVERSION = YES;
				CLANG_WARN_INFINITE_RECURSION = YES;
				CLANG_WARN_INT_CONVERSION = YES;
				CLANG_WARN_NON_LITERAL_NULL_CONVERSION = YES;
				CLANG_WARN_OBJC_IMPLICIT_RETAIN_SELF = YES;
				CLANG_WARN_OBJC_LITERAL_CONVERSION = YES;
				CLANG_WARN_OBJC_ROOT_CLASS = YES_ERROR;
				CLANG_WARN_QUOTED_INCLUDE_IN_FRAMEWORK_HEADER = YES;
				CLANG_WARN_RANGE_LOOP_ANALYSIS = YES;
				CLANG_WARN_STRICT_PROTOTYPES = YES;
				CLANG_WARN_SUSPICIOUS_MOVE = YES;
				CLANG_WARN_UNGUARDED_AVAILABILITY = YES_AGGRESSIVE;
				CLANG_WARN_UNREACHABLE_CODE = YES;
				CLANG_WARN__DUPLICATE_METHOD_MATCH = YES;
				CODE_SIGN_IDENTITY = "iPhone Developer";
				COPY_PHASE_STRIP = NO;
				DEBUG_INFORMATION_FORMAT = "dwarf-with-dsym";
				ENABLE_NS_ASSERTIONS = NO;
				ENABLE_STRICT_OBJC_MSGSEND = YES;
				GCC_C_LANGUAGE_STANDARD = gnu11;
				GCC_NO_COMMON_BLOCKS = YES;
				GCC_WARN_64_TO_32_BIT_CONVERSION = YES;
				GCC_WARN_ABOUT_RETURN_TYPE = YES_ERROR;
				GCC_WARN_UNDECLARED_SELECTOR = YES;
				GCC_WARN_UNINITIALIZED_AUTOS = YES_AGGRESSIVE;
				GCC_WARN_UNUSED_FUNCTION = YES;
				GCC_WARN_UNUSED_VARIABLE = YES;
				IPHONEOS_DEPLOYMENT_TARGET = 11.1;
				MTL_ENABLE_DEBUG_INFO = NO;
				MTL_FAST_MATH = YES;
				SDKROOT = iphoneos;
				SWIFT_COMPILATION_MODE = wholemodule;
				SWIFT_OPTIMIZATION_LEVEL = "-O";
				VALIDATE_PRODUCT = YES;
			};
			name = Release;
		};
		1D8ACEF422A7E90100CF309B /* Debug */ = {
			isa = XCBuildConfiguration;
			buildSettings = {
				ASSETCATALOG_COMPILER_APPICON_NAME = AppIcon;
				CODE_SIGN_STYLE = Automatic;
				DEVELOPMENT_TEAM = SM687X2N9M;
				INFOPLIST_FILE = WOTPivotSamples/Info.plist;
				IPHONEOS_DEPLOYMENT_TARGET = 10.0;
				LD_RUNPATH_SEARCH_PATHS = (
					"$(inherited)",
					"@executable_path/Frameworks",
				);
				PRODUCT_BUNDLE_IDENTIFIER = "PY.$(PRODUCT_NAME:rfc1034identifier)";
				PRODUCT_NAME = "$(TARGET_NAME)";
				SWIFT_VERSION = 5.0;
				TARGETED_DEVICE_FAMILY = "1,2";
			};
			name = Debug;
		};
		1D8ACEF522A7E90100CF309B /* Release */ = {
			isa = XCBuildConfiguration;
			buildSettings = {
				ASSETCATALOG_COMPILER_APPICON_NAME = AppIcon;
				CODE_SIGN_STYLE = Automatic;
				DEVELOPMENT_TEAM = SM687X2N9M;
				INFOPLIST_FILE = WOTPivotSamples/Info.plist;
				IPHONEOS_DEPLOYMENT_TARGET = 10.0;
				LD_RUNPATH_SEARCH_PATHS = (
					"$(inherited)",
					"@executable_path/Frameworks",
				);
				PRODUCT_BUNDLE_IDENTIFIER = "PY.$(PRODUCT_NAME:rfc1034identifier)";
				PRODUCT_NAME = "$(TARGET_NAME)";
				SWIFT_VERSION = 5.0;
				TARGETED_DEVICE_FAMILY = "1,2";
			};
			name = Release;
		};
		1D8ACEF722A7E90100CF309B /* Debug */ = {
			isa = XCBuildConfiguration;
			buildSettings = {
				ALWAYS_EMBED_SWIFT_STANDARD_LIBRARIES = YES;
				BUNDLE_LOADER = "$(TEST_HOST)";
				CODE_SIGN_STYLE = Automatic;
				DEVELOPMENT_TEAM = SM687X2N9M;
				INFOPLIST_FILE = WOTPivotSamplesTests/Info.plist;
				IPHONEOS_DEPLOYMENT_TARGET = 10.0;
				LD_RUNPATH_SEARCH_PATHS = (
					"$(inherited)",
					"@executable_path/Frameworks",
					"@loader_path/Frameworks",
				);
				PRODUCT_BUNDLE_IDENTIFIER = "PY.$(PRODUCT_NAME:rfc1034identifier)";
				PRODUCT_NAME = "$(TARGET_NAME)";
				SWIFT_VERSION = 5.0;
				TARGETED_DEVICE_FAMILY = "1,2";
				TEST_HOST = "$(BUILT_PRODUCTS_DIR)/WOTPivotSamples.app/WOTPivotSamples";
			};
			name = Debug;
		};
		1D8ACEF822A7E90100CF309B /* Release */ = {
			isa = XCBuildConfiguration;
			buildSettings = {
				ALWAYS_EMBED_SWIFT_STANDARD_LIBRARIES = YES;
				BUNDLE_LOADER = "$(TEST_HOST)";
				CODE_SIGN_STYLE = Automatic;
				DEVELOPMENT_TEAM = SM687X2N9M;
				INFOPLIST_FILE = WOTPivotSamplesTests/Info.plist;
				IPHONEOS_DEPLOYMENT_TARGET = 10.0;
				LD_RUNPATH_SEARCH_PATHS = (
					"$(inherited)",
					"@executable_path/Frameworks",
					"@loader_path/Frameworks",
				);
				PRODUCT_BUNDLE_IDENTIFIER = "PY.$(PRODUCT_NAME:rfc1034identifier)";
				PRODUCT_NAME = "$(TARGET_NAME)";
				SWIFT_VERSION = 5.0;
				TARGETED_DEVICE_FAMILY = "1,2";
				TEST_HOST = "$(BUILT_PRODUCTS_DIR)/WOTPivotSamples.app/WOTPivotSamples";
			};
			name = Release;
		};
/* End XCBuildConfiguration section */

/* Begin XCConfigurationList section */
		1D8ACED122A7E90000CF309B /* Build configuration list for PBXProject "WOTPivotSamples" */ = {
			isa = XCConfigurationList;
			buildConfigurations = (
				1D8ACEF122A7E90100CF309B /* Debug */,
				1D8ACEF222A7E90100CF309B /* Release */,
			);
			defaultConfigurationIsVisible = 0;
			defaultConfigurationName = Release;
		};
		1D8ACEF322A7E90100CF309B /* Build configuration list for PBXNativeTarget "WOTPivotSamples" */ = {
			isa = XCConfigurationList;
			buildConfigurations = (
				1D8ACEF422A7E90100CF309B /* Debug */,
				1D8ACEF522A7E90100CF309B /* Release */,
			);
			defaultConfigurationIsVisible = 0;
			defaultConfigurationName = Release;
		};
		1D8ACEF622A7E90100CF309B /* Build configuration list for PBXNativeTarget "WOTPivotSamplesTests" */ = {
			isa = XCConfigurationList;
			buildConfigurations = (
				1D8ACEF722A7E90100CF309B /* Debug */,
				1D8ACEF822A7E90100CF309B /* Release */,
			);
			defaultConfigurationIsVisible = 0;
			defaultConfigurationName = Release;
		};
/* End XCConfigurationList section */
	};
	rootObject = 1D8ACECE22A7E90000CF309B /* Project object */;
}
