// !$*UTF8*$!
{
	archiveVersion = 1;
	classes = {
	};
	objectVersion = 50;
	objects = {

/* Begin PBXBuildFile section */
		1D2612122410DC7500CFEB16 /* WOTWEBRequestLogout.swift in Sources */ = {isa = PBXBuildFile; fileRef = 1D2612112410DC7500CFEB16 /* WOTWEBRequestLogout.swift */; };
		1D2612142410DD0800CFEB16 /* WOTClearSessionRequest.swift in Sources */ = {isa = PBXBuildFile; fileRef = 1D2612132410DD0800CFEB16 /* WOTClearSessionRequest.swift */; };
		1D2612162410DD3C00CFEB16 /* WOTSaveSessionRequest.swift in Sources */ = {isa = PBXBuildFile; fileRef = 1D2612152410DD3C00CFEB16 /* WOTSaveSessionRequest.swift */; };
		1D3DAED42133FD5300368AFA /* WOTData.framework in Frameworks */ = {isa = PBXBuildFile; fileRef = 1D3DAECA2133FD5300368AFA /* WOTData.framework */; };
		1D3DAED92133FD5300368AFA /* WOTDataTests.swift in Sources */ = {isa = PBXBuildFile; fileRef = 1D3DAED82133FD5300368AFA /* WOTDataTests.swift */; };
		1D3DAEDB2133FD5300368AFA /* WOTData.h in Headers */ = {isa = PBXBuildFile; fileRef = 1D3DAECD2133FD5300368AFA /* WOTData.h */; settings = {ATTRIBUTES = (Public, ); }; };
		1D3DAEE92133FDDE00368AFA /* WOTPivot.framework in Frameworks */ = {isa = PBXBuildFile; fileRef = 1D3DAEE82133FDDE00368AFA /* WOTPivot.framework */; };
		1D4ACF362444803200C6CBE0 /* WOTWEBRequestSuspension.swift in Sources */ = {isa = PBXBuildFile; fileRef = 1D4ACF352444803200C6CBE0 /* WOTWEBRequestSuspension.swift */; };
		1D4ACF4024448A0800C6CBE0 /* WOTWebResponseAdapterSuspension.swift in Sources */ = {isa = PBXBuildFile; fileRef = 1D4ACF3F24448A0800C6CBE0 /* WOTWebResponseAdapterSuspension.swift */; };
		1D5669112424CFB7008458AF /* WOTWebResponseAdapterChassis.swift in Sources */ = {isa = PBXBuildFile; fileRef = 1D5668F62424CFB7008458AF /* WOTWebResponseAdapterChassis.swift */; };
		1D5669122424CFB7008458AF /* WOTWebResponseAdapterRadios.h in Headers */ = {isa = PBXBuildFile; fileRef = 1D5668F82424CFB7008458AF /* WOTWebResponseAdapterRadios.h */; settings = {ATTRIBUTES = (Public, ); }; };
		1D5669132424CFB7008458AF /* WOTWebResponseAdapterRadios.m in Sources */ = {isa = PBXBuildFile; fileRef = 1D5668F92424CFB7008458AF /* WOTWebResponseAdapterRadios.m */; };
		1D5669142424CFB7008458AF /* WOTWebResponseAdapterGuns.h in Headers */ = {isa = PBXBuildFile; fileRef = 1D5668FB2424CFB7008458AF /* WOTWebResponseAdapterGuns.h */; settings = {ATTRIBUTES = (Public, ); }; };
		1D5669152424CFB7008458AF /* WOTWebResponseAdapterGuns.m in Sources */ = {isa = PBXBuildFile; fileRef = 1D5668FC2424CFB7008458AF /* WOTWebResponseAdapterGuns.m */; };
		1D5669172424CFB7008458AF /* WOTWebResponseAdapterProfile.swift in Sources */ = {isa = PBXBuildFile; fileRef = 1D5668FF2424CFB7008458AF /* WOTWebResponseAdapterProfile.swift */; };
		1D5669182424CFB7008458AF /* WOTWebResponseAdapterEngines.m in Sources */ = {isa = PBXBuildFile; fileRef = 1D5669012424CFB7008458AF /* WOTWebResponseAdapterEngines.m */; };
		1D5669192424CFB7008458AF /* WOTWebResponseAdapterEngines.h in Headers */ = {isa = PBXBuildFile; fileRef = 1D5669022424CFB7008458AF /* WOTWebResponseAdapterEngines.h */; settings = {ATTRIBUTES = (Public, ); }; };
		1D56691A2424CFB7008458AF /* WOTWebResponseAdapterAmmoList.swift in Sources */ = {isa = PBXBuildFile; fileRef = 1D5669042424CFB7008458AF /* WOTWebResponseAdapterAmmoList.swift */; };
		1D56691B2424CFB7008458AF /* WOTWebResponseAdapter.swift in Sources */ = {isa = PBXBuildFile; fileRef = 1D5669062424CFB7008458AF /* WOTWebResponseAdapter.swift */; };
		1D56691C2424CFB7008458AF /* Vehicles+WOTWebResponseAdapter.swift in Sources */ = {isa = PBXBuildFile; fileRef = 1D5669082424CFB7008458AF /* Vehicles+WOTWebResponseAdapter.swift */; };
		1D56691D2424CFB7008458AF /* ModulesTree+UI.swift in Sources */ = {isa = PBXBuildFile; fileRef = 1D56690A2424CFB7008458AF /* ModulesTree+UI.swift */; };
		1D56691E2424CFB7008458AF /* WOTWebResponseAdapterModuleTree.swift in Sources */ = {isa = PBXBuildFile; fileRef = 1D56690B2424CFB7008458AF /* WOTWebResponseAdapterModuleTree.swift */; };
		1D5D0A4E23CCAA78004B0314 /* WOT_iOS.xcdatamodeld in Sources */ = {isa = PBXBuildFile; fileRef = 1D5D099923CCAA78004B0314 /* WOT_iOS.xcdatamodeld */; };
		1D5D0AA623CCAAC5004B0314 /* WOTTankCoreDataProvider.swift in Sources */ = {isa = PBXBuildFile; fileRef = 1D5D0AA523CCAAC5004B0314 /* WOTTankCoreDataProvider.swift */; };
		1D5D0AD723CCAB7B004B0314 /* WOTWEBRequest+Stubs.m in Sources */ = {isa = PBXBuildFile; fileRef = 1D5D0AB523CCAB7B004B0314 /* WOTWEBRequest+Stubs.m */; };
		1D5D0AE223CCAB7B004B0314 /* WOTWEBRequest+Stubs.h in Headers */ = {isa = PBXBuildFile; fileRef = 1D5D0AC523CCAB7B004B0314 /* WOTWEBRequest+Stubs.h */; settings = {ATTRIBUTES = (Public, ); }; };
		1D5D0AF323CCAC05004B0314 /* WOTDataAPI.swift in Sources */ = {isa = PBXBuildFile; fileRef = 1D5D0AF223CCAC05004B0314 /* WOTDataAPI.swift */; };
		1D8B786D23CDCCCC00610751 /* WOTWEBRequestTankVehicles.swift in Sources */ = {isa = PBXBuildFile; fileRef = 1D8B786623CDCCCB00610751 /* WOTWEBRequestTankVehicles.swift */; };
		1D8B786E23CDCCCC00610751 /* WOTWEBRequestTankProfile.swift in Sources */ = {isa = PBXBuildFile; fileRef = 1D8B786723CDCCCB00610751 /* WOTWEBRequestTankProfile.swift */; };
		1D8B786F23CDCCCC00610751 /* WOTWEBRequestTankChassis.swift in Sources */ = {isa = PBXBuildFile; fileRef = 1D8B786823CDCCCB00610751 /* WOTWEBRequestTankChassis.swift */; };
		1D8B787023CDCCCC00610751 /* WOTWEBRequestTankTurrets.swift in Sources */ = {isa = PBXBuildFile; fileRef = 1D8B786923CDCCCB00610751 /* WOTWEBRequestTankTurrets.swift */; };
		1D8B787123CDCCCC00610751 /* WOTWEBRequestTankEngines.swift in Sources */ = {isa = PBXBuildFile; fileRef = 1D8B786A23CDCCCB00610751 /* WOTWEBRequestTankEngines.swift */; };
		1D8B787223CDCCCC00610751 /* WOTWEBRequestTankRadios.swift in Sources */ = {isa = PBXBuildFile; fileRef = 1D8B786B23CDCCCB00610751 /* WOTWEBRequestTankRadios.swift */; };
		1D8B787323CDCCCC00610751 /* WOTWEBRequestTankGuns.swift in Sources */ = {isa = PBXBuildFile; fileRef = 1D8B786C23CDCCCC00610751 /* WOTWEBRequestTankGuns.swift */; };
		1D8B787523CDD00D00610751 /* WOTWEBRequestTanks.swift in Sources */ = {isa = PBXBuildFile; fileRef = 1D8B787423CDD00D00610751 /* WOTWEBRequestTanks.swift */; };
		1D8B7AC723CEF37A00610751 /* ModuleType.swift in Sources */ = {isa = PBXBuildFile; fileRef = 1D8B7AC623CEF37A00610751 /* ModuleType.swift */; };
		1D8B7ACB23CF09DC00610751 /* VehicleModuleType.swift in Sources */ = {isa = PBXBuildFile; fileRef = 1D8B7ACA23CF09DC00610751 /* VehicleModuleType.swift */; };
		1D8C299021358CA600759C42 /* WOTDataDefines.h in Headers */ = {isa = PBXBuildFile; fileRef = 1D8C298F21358C6000759C42 /* WOTDataDefines.h */; settings = {ATTRIBUTES = (Public, ); }; };
		1D98DA4D240FEEC900E258E5 /* WOTWEBRequestLogin.swift in Sources */ = {isa = PBXBuildFile; fileRef = 1D98DA4C240FEEC900E258E5 /* WOTWEBRequestLogin.swift */; };
		1DA153B5244AD39C00FB3C89 /* WebRequestType.swift in Sources */ = {isa = PBXBuildFile; fileRef = 1DA153B4244AD39C00FB3C89 /* WebRequestType.swift */; };
		1DAD1B2E23D0581B0050B5B7 /* Tankturrets+JSONMapperProtocol.swift in Sources */ = {isa = PBXBuildFile; fileRef = 1DAD1B1B23D0581B0050B5B7 /* Tankturrets+JSONMapperProtocol.swift */; };
		1DAD1B2F23D0581B0050B5B7 /* Tankradios+JSONMapperProtocol.swift in Sources */ = {isa = PBXBuildFile; fileRef = 1DAD1B1C23D0581B0050B5B7 /* Tankradios+JSONMapperProtocol.swift */; };
		1DAD1B3023D0581B0050B5B7 /* TankEngines+JSONMapperProtocol.swift in Sources */ = {isa = PBXBuildFile; fileRef = 1DAD1B1D23D0581B0050B5B7 /* TankEngines+JSONMapperProtocol.swift */; };
		1DAD1B3123D0581B0050B5B7 /* Tankguns+JSONMapperProtocol.swift in Sources */ = {isa = PBXBuildFile; fileRef = 1DAD1B1E23D0581B0050B5B7 /* Tankguns+JSONMapperProtocol.swift */; };
		1DAD1B3223D0581B0050B5B7 /* VehicleprofileArmor+JSONMapperProtocol.swift in Sources */ = {isa = PBXBuildFile; fileRef = 1DAD1B1F23D0581B0050B5B7 /* VehicleprofileArmor+JSONMapperProtocol.swift */; };
		1DAD1B3323D0581B0050B5B7 /* VehicleprofileEngine+JSONMapperProtocol.swift in Sources */ = {isa = PBXBuildFile; fileRef = 1DAD1B2023D0581B0050B5B7 /* VehicleprofileEngine+JSONMapperProtocol.swift */; };
		1DAD1B3423D0581B0050B5B7 /* VehicleprofileModule+JSONMapperProtocol.swift in Sources */ = {isa = PBXBuildFile; fileRef = 1DAD1B2123D0581B0050B5B7 /* VehicleprofileModule+JSONMapperProtocol.swift */; };
		1DAD1B3523D0581B0050B5B7 /* VehicleprofileAmmoDamage+JSONMapperProtocol.swift in Sources */ = {isa = PBXBuildFile; fileRef = 1DAD1B2223D0581B0050B5B7 /* VehicleprofileAmmoDamage+JSONMapperProtocol.swift */; };
		1DAD1B3623D0581B0050B5B7 /* VehicleprofileGun+JSONMapperProtocol.swift in Sources */ = {isa = PBXBuildFile; fileRef = 1DAD1B2323D0581B0050B5B7 /* VehicleprofileGun+JSONMapperProtocol.swift */; };
		1DAD1B3723D0581B0050B5B7 /* VehicleprofileTurret+JSONMapperProtocol.swift in Sources */ = {isa = PBXBuildFile; fileRef = 1DAD1B2423D0581B0050B5B7 /* VehicleprofileTurret+JSONMapperProtocol.swift */; };
		1DAD1B3823D0581B0050B5B7 /* VehicleprofileSuspension+JSONMapperProtocol.swift in Sources */ = {isa = PBXBuildFile; fileRef = 1DAD1B2523D0581B0050B5B7 /* VehicleprofileSuspension+JSONMapperProtocol.swift */; };
		1DAD1B3923D0581B0050B5B7 /* VehicleprofileAmmoPenetration+JSONMapperProtocol.swift in Sources */ = {isa = PBXBuildFile; fileRef = 1DAD1B2623D0581B0050B5B7 /* VehicleprofileAmmoPenetration+JSONMapperProtocol.swift */; };
		1DAD1B3A23D0581B0050B5B7 /* ModulesTree+JSONMapperProtocol.swift in Sources */ = {isa = PBXBuildFile; fileRef = 1DAD1B2723D0581B0050B5B7 /* ModulesTree+JSONMapperProtocol.swift */; };
		1DAD1B3B23D0581B0050B5B7 /* Vehicleprofile+JSONMapperProtocol.swift in Sources */ = {isa = PBXBuildFile; fileRef = 1DAD1B2823D0581B0050B5B7 /* Vehicleprofile+JSONMapperProtocol.swift */; };
		1DAD1B3C23D0581B0050B5B7 /* VehicleprofileAmmoList+JSONMapperProtocol.swift in Sources */ = {isa = PBXBuildFile; fileRef = 1DAD1B2923D0581B0050B5B7 /* VehicleprofileAmmoList+JSONMapperProtocol.swift */; };
		1DAD1B3D23D0581B0050B5B7 /* Tankchassis+JSONMapperProtocol.swift in Sources */ = {isa = PBXBuildFile; fileRef = 1DAD1B2A23D0581B0050B5B7 /* Tankchassis+JSONMapperProtocol.swift */; };
		1DAD1B3E23D0581B0050B5B7 /* VehicleprofileAmmo+JSONMapperProtocol.swift in Sources */ = {isa = PBXBuildFile; fileRef = 1DAD1B2B23D0581B0050B5B7 /* VehicleprofileAmmo+JSONMapperProtocol.swift */; };
		1DAD1B3F23D0581B0050B5B7 /* VehicleprofileArmorList+JSONMapperProtocol.swift in Sources */ = {isa = PBXBuildFile; fileRef = 1DAD1B2C23D0581B0050B5B7 /* VehicleprofileArmorList+JSONMapperProtocol.swift */; };
		1DAD1B4023D0581B0050B5B7 /* VehicleprofileRadio+JSONMapperProtocol.swift in Sources */ = {isa = PBXBuildFile; fileRef = 1DAD1B2D23D0581B0050B5B7 /* VehicleprofileRadio+JSONMapperProtocol.swift */; };
		1DAD1B4D23D072810050B5B7 /* Vehicles+JSONMapperProtocol.swift in Sources */ = {isa = PBXBuildFile; fileRef = 1DAD1B4C23D072800050B5B7 /* Vehicles+JSONMapperProtocol.swift */; };
		1DAD1B5123D1C28D0050B5B7 /* WOTWEBRequestModulesTree.swift in Sources */ = {isa = PBXBuildFile; fileRef = 1DAD1B5023D1C28D0050B5B7 /* WOTWEBRequestModulesTree.swift */; };
		1DAD1B5323D1C6990050B5B7 /* NSManagedObject_tryToSave.swift in Sources */ = {isa = PBXBuildFile; fileRef = 1DAD1B5223D1C6990050B5B7 /* NSManagedObject_tryToSave.swift */; };
		1DAD1BC523D1D2CC0050B5B7 /* VehicleprofileSuspension+CoreDataClass.swift in Sources */ = {isa = PBXBuildFile; fileRef = 1DAD1B9923D1D2CC0050B5B7 /* VehicleprofileSuspension+CoreDataClass.swift */; };
		1DAD1BC623D1D2CC0050B5B7 /* VehicleprofileSuspension+CoreDataProperties.swift in Sources */ = {isa = PBXBuildFile; fileRef = 1DAD1B9A23D1D2CC0050B5B7 /* VehicleprofileSuspension+CoreDataProperties.swift */; };
		1DAD1BC723D1D2CC0050B5B7 /* Vehicles+CoreDataClass.swift in Sources */ = {isa = PBXBuildFile; fileRef = 1DAD1B9B23D1D2CC0050B5B7 /* Vehicles+CoreDataClass.swift */; };
		1DAD1BC823D1D2CC0050B5B7 /* Vehicles+CoreDataProperties.swift in Sources */ = {isa = PBXBuildFile; fileRef = 1DAD1B9C23D1D2CC0050B5B7 /* Vehicles+CoreDataProperties.swift */; };
		1DAD1BC923D1D2CC0050B5B7 /* Tankturrets+CoreDataClass.swift in Sources */ = {isa = PBXBuildFile; fileRef = 1DAD1B9D23D1D2CC0050B5B7 /* Tankturrets+CoreDataClass.swift */; };
		1DAD1BCA23D1D2CC0050B5B7 /* Tankturrets+CoreDataProperties.swift in Sources */ = {isa = PBXBuildFile; fileRef = 1DAD1B9E23D1D2CC0050B5B7 /* Tankturrets+CoreDataProperties.swift */; };
		1DAD1BCB23D1D2CC0050B5B7 /* ListSetting+CoreDataClass.swift in Sources */ = {isa = PBXBuildFile; fileRef = 1DAD1B9F23D1D2CC0050B5B7 /* ListSetting+CoreDataClass.swift */; };
		1DAD1BCC23D1D2CC0050B5B7 /* ListSetting+CoreDataProperties.swift in Sources */ = {isa = PBXBuildFile; fileRef = 1DAD1BA023D1D2CC0050B5B7 /* ListSetting+CoreDataProperties.swift */; };
		1DAD1BCD23D1D2CC0050B5B7 /* VehicleprofileGun+CoreDataClass.swift in Sources */ = {isa = PBXBuildFile; fileRef = 1DAD1BA123D1D2CC0050B5B7 /* VehicleprofileGun+CoreDataClass.swift */; };
		1DAD1BCE23D1D2CC0050B5B7 /* VehicleprofileGun+CoreDataProperties.swift in Sources */ = {isa = PBXBuildFile; fileRef = 1DAD1BA223D1D2CC0050B5B7 /* VehicleprofileGun+CoreDataProperties.swift */; };
		1DAD1BCF23D1D2CC0050B5B7 /* VehicleprofileAmmo+CoreDataClass.swift in Sources */ = {isa = PBXBuildFile; fileRef = 1DAD1BA323D1D2CC0050B5B7 /* VehicleprofileAmmo+CoreDataClass.swift */; };
		1DAD1BD023D1D2CC0050B5B7 /* VehicleprofileAmmo+CoreDataProperties.swift in Sources */ = {isa = PBXBuildFile; fileRef = 1DAD1BA423D1D2CC0050B5B7 /* VehicleprofileAmmo+CoreDataProperties.swift */; };
		1DAD1BD123D1D2CC0050B5B7 /* VehicleprofileArmorList+CoreDataClass.swift in Sources */ = {isa = PBXBuildFile; fileRef = 1DAD1BA523D1D2CC0050B5B7 /* VehicleprofileArmorList+CoreDataClass.swift */; };
		1DAD1BD223D1D2CC0050B5B7 /* VehicleprofileArmorList+CoreDataProperties.swift in Sources */ = {isa = PBXBuildFile; fileRef = 1DAD1BA623D1D2CC0050B5B7 /* VehicleprofileArmorList+CoreDataProperties.swift */; };
		1DAD1BD323D1D2CC0050B5B7 /* Tankradios+CoreDataClass.swift in Sources */ = {isa = PBXBuildFile; fileRef = 1DAD1BA723D1D2CC0050B5B7 /* Tankradios+CoreDataClass.swift */; };
		1DAD1BD423D1D2CC0050B5B7 /* Tankradios+CoreDataProperties.swift in Sources */ = {isa = PBXBuildFile; fileRef = 1DAD1BA823D1D2CC0050B5B7 /* Tankradios+CoreDataProperties.swift */; };
		1DAD1BD523D1D2CC0050B5B7 /* VehicleprofileEngine+CoreDataClass.swift in Sources */ = {isa = PBXBuildFile; fileRef = 1DAD1BA923D1D2CC0050B5B7 /* VehicleprofileEngine+CoreDataClass.swift */; };
		1DAD1BD623D1D2CC0050B5B7 /* VehicleprofileEngine+CoreDataProperties.swift in Sources */ = {isa = PBXBuildFile; fileRef = 1DAD1BAA23D1D2CC0050B5B7 /* VehicleprofileEngine+CoreDataProperties.swift */; };
		1DAD1BD723D1D2CC0050B5B7 /* Vehicleprofile+CoreDataClass.swift in Sources */ = {isa = PBXBuildFile; fileRef = 1DAD1BAB23D1D2CC0050B5B7 /* Vehicleprofile+CoreDataClass.swift */; };
		1DAD1BD823D1D2CC0050B5B7 /* Vehicleprofile+CoreDataProperties.swift in Sources */ = {isa = PBXBuildFile; fileRef = 1DAD1BAC23D1D2CC0050B5B7 /* Vehicleprofile+CoreDataProperties.swift */; };
		1DAD1BD923D1D2CC0050B5B7 /* VehicleprofileArmor+CoreDataClass.swift in Sources */ = {isa = PBXBuildFile; fileRef = 1DAD1BAD23D1D2CC0050B5B7 /* VehicleprofileArmor+CoreDataClass.swift */; };
		1DAD1BDA23D1D2CC0050B5B7 /* VehicleprofileArmor+CoreDataProperties.swift in Sources */ = {isa = PBXBuildFile; fileRef = 1DAD1BAE23D1D2CC0050B5B7 /* VehicleprofileArmor+CoreDataProperties.swift */; };
		1DAD1BDB23D1D2CC0050B5B7 /* Tankguns+CoreDataClass.swift in Sources */ = {isa = PBXBuildFile; fileRef = 1DAD1BAF23D1D2CC0050B5B7 /* Tankguns+CoreDataClass.swift */; };
		1DAD1BDC23D1D2CC0050B5B7 /* Tankguns+CoreDataProperties.swift in Sources */ = {isa = PBXBuildFile; fileRef = 1DAD1BB023D1D2CC0050B5B7 /* Tankguns+CoreDataProperties.swift */; };
		1DAD1BDD23D1D2CC0050B5B7 /* VehicleprofileModule+CoreDataClass.swift in Sources */ = {isa = PBXBuildFile; fileRef = 1DAD1BB123D1D2CC0050B5B7 /* VehicleprofileModule+CoreDataClass.swift */; };
		1DAD1BDE23D1D2CC0050B5B7 /* VehicleprofileModule+CoreDataProperties.swift in Sources */ = {isa = PBXBuildFile; fileRef = 1DAD1BB223D1D2CC0050B5B7 /* VehicleprofileModule+CoreDataProperties.swift */; };
		1DAD1BDF23D1D2CC0050B5B7 /* VehicleprofileTurret+CoreDataClass.swift in Sources */ = {isa = PBXBuildFile; fileRef = 1DAD1BB323D1D2CC0050B5B7 /* VehicleprofileTurret+CoreDataClass.swift */; };
		1DAD1BE023D1D2CC0050B5B7 /* VehicleprofileTurret+CoreDataProperties.swift in Sources */ = {isa = PBXBuildFile; fileRef = 1DAD1BB423D1D2CC0050B5B7 /* VehicleprofileTurret+CoreDataProperties.swift */; };
		1DAD1BE123D1D2CC0050B5B7 /* VehicleprofileAmmoDamage+CoreDataClass.swift in Sources */ = {isa = PBXBuildFile; fileRef = 1DAD1BB523D1D2CC0050B5B7 /* VehicleprofileAmmoDamage+CoreDataClass.swift */; };
		1DAD1BE223D1D2CC0050B5B7 /* VehicleprofileAmmoDamage+CoreDataProperties.swift in Sources */ = {isa = PBXBuildFile; fileRef = 1DAD1BB623D1D2CC0050B5B7 /* VehicleprofileAmmoDamage+CoreDataProperties.swift */; };
		1DAD1BE323D1D2CC0050B5B7 /* UserSession+CoreDataClass.swift in Sources */ = {isa = PBXBuildFile; fileRef = 1DAD1BB723D1D2CC0050B5B7 /* UserSession+CoreDataClass.swift */; };
		1DAD1BE423D1D2CC0050B5B7 /* UserSession+CoreDataProperties.swift in Sources */ = {isa = PBXBuildFile; fileRef = 1DAD1BB823D1D2CC0050B5B7 /* UserSession+CoreDataProperties.swift */; };
		1DAD1BE523D1D2CC0050B5B7 /* VehicleprofileRadio+CoreDataClass.swift in Sources */ = {isa = PBXBuildFile; fileRef = 1DAD1BB923D1D2CC0050B5B7 /* VehicleprofileRadio+CoreDataClass.swift */; };
		1DAD1BE623D1D2CC0050B5B7 /* VehicleprofileRadio+CoreDataProperties.swift in Sources */ = {isa = PBXBuildFile; fileRef = 1DAD1BBA23D1D2CC0050B5B7 /* VehicleprofileRadio+CoreDataProperties.swift */; };
		1DAD1BE723D1D2CC0050B5B7 /* Tankchassis+CoreDataClass.swift in Sources */ = {isa = PBXBuildFile; fileRef = 1DAD1BBB23D1D2CC0050B5B7 /* Tankchassis+CoreDataClass.swift */; };
		1DAD1BE823D1D2CC0050B5B7 /* Tankchassis+CoreDataProperties.swift in Sources */ = {isa = PBXBuildFile; fileRef = 1DAD1BBC23D1D2CC0050B5B7 /* Tankchassis+CoreDataProperties.swift */; };
		1DAD1BE923D1D2CC0050B5B7 /* VehicleprofileAmmoList+CoreDataClass.swift in Sources */ = {isa = PBXBuildFile; fileRef = 1DAD1BBD23D1D2CC0050B5B7 /* VehicleprofileAmmoList+CoreDataClass.swift */; };
		1DAD1BEA23D1D2CC0050B5B7 /* VehicleprofileAmmoList+CoreDataProperties.swift in Sources */ = {isa = PBXBuildFile; fileRef = 1DAD1BBE23D1D2CC0050B5B7 /* VehicleprofileAmmoList+CoreDataProperties.swift */; };
		1DAD1BEB23D1D2CC0050B5B7 /* ModulesTree+CoreDataClass.swift in Sources */ = {isa = PBXBuildFile; fileRef = 1DAD1BBF23D1D2CC0050B5B7 /* ModulesTree+CoreDataClass.swift */; };
		1DAD1BEC23D1D2CC0050B5B7 /* ModulesTree+CoreDataProperties.swift in Sources */ = {isa = PBXBuildFile; fileRef = 1DAD1BC023D1D2CC0050B5B7 /* ModulesTree+CoreDataProperties.swift */; };
		1DAD1BED23D1D2CC0050B5B7 /* Tankengines+CoreDataClass.swift in Sources */ = {isa = PBXBuildFile; fileRef = 1DAD1BC123D1D2CC0050B5B7 /* Tankengines+CoreDataClass.swift */; };
		1DAD1BEE23D1D2CC0050B5B7 /* Tankengines+CoreDataProperties.swift in Sources */ = {isa = PBXBuildFile; fileRef = 1DAD1BC223D1D2CC0050B5B7 /* Tankengines+CoreDataProperties.swift */; };
		1DAD1BEF23D1D2CC0050B5B7 /* VehicleprofileAmmoPenetration+CoreDataClass.swift in Sources */ = {isa = PBXBuildFile; fileRef = 1DAD1BC323D1D2CC0050B5B7 /* VehicleprofileAmmoPenetration+CoreDataClass.swift */; };
		1DAD1BF023D1D2CC0050B5B7 /* VehicleprofileAmmoPenetration+CoreDataProperties.swift in Sources */ = {isa = PBXBuildFile; fileRef = 1DAD1BC423D1D2CC0050B5B7 /* VehicleprofileAmmoPenetration+CoreDataProperties.swift */; };
/* End PBXBuildFile section */

/* Begin PBXContainerItemProxy section */
		1D3DAED52133FD5300368AFA /* PBXContainerItemProxy */ = {
			isa = PBXContainerItemProxy;
			containerPortal = 1D3DAEC12133FD5300368AFA /* Project object */;
			proxyType = 1;
			remoteGlobalIDString = 1D3DAEC92133FD5300368AFA;
			remoteInfo = WOTData;
		};
/* End PBXContainerItemProxy section */

/* Begin PBXFileReference section */
		1D2612112410DC7500CFEB16 /* WOTWEBRequestLogout.swift */ = {isa = PBXFileReference; lastKnownFileType = sourcecode.swift; path = WOTWEBRequestLogout.swift; sourceTree = "<group>"; };
		1D2612132410DD0800CFEB16 /* WOTClearSessionRequest.swift */ = {isa = PBXFileReference; lastKnownFileType = sourcecode.swift; path = WOTClearSessionRequest.swift; sourceTree = "<group>"; };
		1D2612152410DD3C00CFEB16 /* WOTSaveSessionRequest.swift */ = {isa = PBXFileReference; lastKnownFileType = sourcecode.swift; path = WOTSaveSessionRequest.swift; sourceTree = "<group>"; };
		1D3DAECA2133FD5300368AFA /* WOTData.framework */ = {isa = PBXFileReference; explicitFileType = wrapper.framework; includeInIndex = 0; path = WOTData.framework; sourceTree = BUILT_PRODUCTS_DIR; };
		1D3DAECD2133FD5300368AFA /* WOTData.h */ = {isa = PBXFileReference; lastKnownFileType = sourcecode.c.h; path = WOTData.h; sourceTree = "<group>"; };
		1D3DAECE2133FD5300368AFA /* Info.plist */ = {isa = PBXFileReference; lastKnownFileType = text.plist.xml; path = Info.plist; sourceTree = "<group>"; };
		1D3DAED32133FD5300368AFA /* WOTDataTests.xctest */ = {isa = PBXFileReference; explicitFileType = wrapper.cfbundle; includeInIndex = 0; path = WOTDataTests.xctest; sourceTree = BUILT_PRODUCTS_DIR; };
		1D3DAED82133FD5300368AFA /* WOTDataTests.swift */ = {isa = PBXFileReference; lastKnownFileType = sourcecode.swift; path = WOTDataTests.swift; sourceTree = "<group>"; };
		1D3DAEDA2133FD5300368AFA /* Info.plist */ = {isa = PBXFileReference; lastKnownFileType = text.plist.xml; path = Info.plist; sourceTree = "<group>"; };
		1D3DAEE82133FDDE00368AFA /* WOTPivot.framework */ = {isa = PBXFileReference; explicitFileType = wrapper.framework; path = WOTPivot.framework; sourceTree = BUILT_PRODUCTS_DIR; };
		1D4ACF352444803200C6CBE0 /* WOTWEBRequestSuspension.swift */ = {isa = PBXFileReference; lastKnownFileType = sourcecode.swift; path = WOTWEBRequestSuspension.swift; sourceTree = "<group>"; };
		1D4ACF3F24448A0800C6CBE0 /* WOTWebResponseAdapterSuspension.swift */ = {isa = PBXFileReference; lastKnownFileType = sourcecode.swift; path = WOTWebResponseAdapterSuspension.swift; sourceTree = "<group>"; };
		1D5668F62424CFB7008458AF /* WOTWebResponseAdapterChassis.swift */ = {isa = PBXFileReference; fileEncoding = 4; lastKnownFileType = sourcecode.swift; path = WOTWebResponseAdapterChassis.swift; sourceTree = "<group>"; };
		1D5668F82424CFB7008458AF /* WOTWebResponseAdapterRadios.h */ = {isa = PBXFileReference; fileEncoding = 4; lastKnownFileType = sourcecode.c.h; path = WOTWebResponseAdapterRadios.h; sourceTree = "<group>"; };
		1D5668F92424CFB7008458AF /* WOTWebResponseAdapterRadios.m */ = {isa = PBXFileReference; fileEncoding = 4; lastKnownFileType = sourcecode.c.objc; path = WOTWebResponseAdapterRadios.m; sourceTree = "<group>"; };
		1D5668FB2424CFB7008458AF /* WOTWebResponseAdapterGuns.h */ = {isa = PBXFileReference; fileEncoding = 4; lastKnownFileType = sourcecode.c.h; path = WOTWebResponseAdapterGuns.h; sourceTree = "<group>"; };
		1D5668FC2424CFB7008458AF /* WOTWebResponseAdapterGuns.m */ = {isa = PBXFileReference; fileEncoding = 4; lastKnownFileType = sourcecode.c.objc; path = WOTWebResponseAdapterGuns.m; sourceTree = "<group>"; };
		1D5668FF2424CFB7008458AF /* WOTWebResponseAdapterProfile.swift */ = {isa = PBXFileReference; fileEncoding = 4; lastKnownFileType = sourcecode.swift; path = WOTWebResponseAdapterProfile.swift; sourceTree = "<group>"; };
		1D5669012424CFB7008458AF /* WOTWebResponseAdapterEngines.m */ = {isa = PBXFileReference; fileEncoding = 4; lastKnownFileType = sourcecode.c.objc; path = WOTWebResponseAdapterEngines.m; sourceTree = "<group>"; };
		1D5669022424CFB7008458AF /* WOTWebResponseAdapterEngines.h */ = {isa = PBXFileReference; fileEncoding = 4; lastKnownFileType = sourcecode.c.h; path = WOTWebResponseAdapterEngines.h; sourceTree = "<group>"; };
		1D5669042424CFB7008458AF /* WOTWebResponseAdapterAmmoList.swift */ = {isa = PBXFileReference; fileEncoding = 4; lastKnownFileType = sourcecode.swift; path = WOTWebResponseAdapterAmmoList.swift; sourceTree = "<group>"; };
		1D5669062424CFB7008458AF /* WOTWebResponseAdapter.swift */ = {isa = PBXFileReference; fileEncoding = 4; lastKnownFileType = sourcecode.swift; path = WOTWebResponseAdapter.swift; sourceTree = "<group>"; };
		1D5669082424CFB7008458AF /* Vehicles+WOTWebResponseAdapter.swift */ = {isa = PBXFileReference; fileEncoding = 4; lastKnownFileType = sourcecode.swift; path = "Vehicles+WOTWebResponseAdapter.swift"; sourceTree = "<group>"; };
		1D56690A2424CFB7008458AF /* ModulesTree+UI.swift */ = {isa = PBXFileReference; fileEncoding = 4; lastKnownFileType = sourcecode.swift; path = "ModulesTree+UI.swift"; sourceTree = "<group>"; };
		1D56690B2424CFB7008458AF /* WOTWebResponseAdapterModuleTree.swift */ = {isa = PBXFileReference; fileEncoding = 4; lastKnownFileType = sourcecode.swift; path = WOTWebResponseAdapterModuleTree.swift; sourceTree = "<group>"; };
		1D5D099A23CCAA78004B0314 /* WOT_iOS.xcdatamodel */ = {isa = PBXFileReference; lastKnownFileType = wrapper.xcdatamodel; path = WOT_iOS.xcdatamodel; sourceTree = "<group>"; };
		1D5D0AA523CCAAC5004B0314 /* WOTTankCoreDataProvider.swift */ = {isa = PBXFileReference; fileEncoding = 4; lastKnownFileType = sourcecode.swift; path = WOTTankCoreDataProvider.swift; sourceTree = "<group>"; };
		1D5D0AB523CCAB7B004B0314 /* WOTWEBRequest+Stubs.m */ = {isa = PBXFileReference; fileEncoding = 4; lastKnownFileType = sourcecode.c.objc; path = "WOTWEBRequest+Stubs.m"; sourceTree = "<group>"; };
		1D5D0AC523CCAB7B004B0314 /* WOTWEBRequest+Stubs.h */ = {isa = PBXFileReference; fileEncoding = 4; lastKnownFileType = sourcecode.c.h; path = "WOTWEBRequest+Stubs.h"; sourceTree = "<group>"; };
		1D5D0AF223CCAC05004B0314 /* WOTDataAPI.swift */ = {isa = PBXFileReference; fileEncoding = 4; lastKnownFileType = sourcecode.swift; path = WOTDataAPI.swift; sourceTree = "<group>"; };
		1D8B786623CDCCCB00610751 /* WOTWEBRequestTankVehicles.swift */ = {isa = PBXFileReference; fileEncoding = 4; lastKnownFileType = sourcecode.swift; path = WOTWEBRequestTankVehicles.swift; sourceTree = "<group>"; };
		1D8B786723CDCCCB00610751 /* WOTWEBRequestTankProfile.swift */ = {isa = PBXFileReference; fileEncoding = 4; lastKnownFileType = sourcecode.swift; path = WOTWEBRequestTankProfile.swift; sourceTree = "<group>"; };
		1D8B786823CDCCCB00610751 /* WOTWEBRequestTankChassis.swift */ = {isa = PBXFileReference; fileEncoding = 4; lastKnownFileType = sourcecode.swift; path = WOTWEBRequestTankChassis.swift; sourceTree = "<group>"; };
		1D8B786923CDCCCB00610751 /* WOTWEBRequestTankTurrets.swift */ = {isa = PBXFileReference; fileEncoding = 4; lastKnownFileType = sourcecode.swift; path = WOTWEBRequestTankTurrets.swift; sourceTree = "<group>"; };
		1D8B786A23CDCCCB00610751 /* WOTWEBRequestTankEngines.swift */ = {isa = PBXFileReference; fileEncoding = 4; lastKnownFileType = sourcecode.swift; path = WOTWEBRequestTankEngines.swift; sourceTree = "<group>"; };
		1D8B786B23CDCCCB00610751 /* WOTWEBRequestTankRadios.swift */ = {isa = PBXFileReference; fileEncoding = 4; lastKnownFileType = sourcecode.swift; path = WOTWEBRequestTankRadios.swift; sourceTree = "<group>"; };
		1D8B786C23CDCCCC00610751 /* WOTWEBRequestTankGuns.swift */ = {isa = PBXFileReference; fileEncoding = 4; lastKnownFileType = sourcecode.swift; path = WOTWEBRequestTankGuns.swift; sourceTree = "<group>"; };
		1D8B787423CDD00D00610751 /* WOTWEBRequestTanks.swift */ = {isa = PBXFileReference; lastKnownFileType = sourcecode.swift; path = WOTWEBRequestTanks.swift; sourceTree = "<group>"; };
		1D8B7AC623CEF37A00610751 /* ModuleType.swift */ = {isa = PBXFileReference; lastKnownFileType = sourcecode.swift; path = ModuleType.swift; sourceTree = "<group>"; };
		1D8B7ACA23CF09DC00610751 /* VehicleModuleType.swift */ = {isa = PBXFileReference; lastKnownFileType = sourcecode.swift; path = VehicleModuleType.swift; sourceTree = "<group>"; };
		1D8C298F21358C6000759C42 /* WOTDataDefines.h */ = {isa = PBXFileReference; lastKnownFileType = sourcecode.c.h; path = WOTDataDefines.h; sourceTree = "<group>"; };
		1D98DA4C240FEEC900E258E5 /* WOTWEBRequestLogin.swift */ = {isa = PBXFileReference; lastKnownFileType = sourcecode.swift; path = WOTWEBRequestLogin.swift; sourceTree = "<group>"; };
		1DA153B4244AD39C00FB3C89 /* WebRequestType.swift */ = {isa = PBXFileReference; lastKnownFileType = sourcecode.swift; path = WebRequestType.swift; sourceTree = "<group>"; };
		1DAD1B1B23D0581B0050B5B7 /* Tankturrets+JSONMapperProtocol.swift */ = {isa = PBXFileReference; fileEncoding = 4; lastKnownFileType = sourcecode.swift; path = "Tankturrets+JSONMapperProtocol.swift"; sourceTree = "<group>"; };
		1DAD1B1C23D0581B0050B5B7 /* Tankradios+JSONMapperProtocol.swift */ = {isa = PBXFileReference; fileEncoding = 4; lastKnownFileType = sourcecode.swift; path = "Tankradios+JSONMapperProtocol.swift"; sourceTree = "<group>"; };
		1DAD1B1D23D0581B0050B5B7 /* TankEngines+JSONMapperProtocol.swift */ = {isa = PBXFileReference; fileEncoding = 4; lastKnownFileType = sourcecode.swift; path = "TankEngines+JSONMapperProtocol.swift"; sourceTree = "<group>"; };
		1DAD1B1E23D0581B0050B5B7 /* Tankguns+JSONMapperProtocol.swift */ = {isa = PBXFileReference; fileEncoding = 4; lastKnownFileType = sourcecode.swift; path = "Tankguns+JSONMapperProtocol.swift"; sourceTree = "<group>"; };
		1DAD1B1F23D0581B0050B5B7 /* VehicleprofileArmor+JSONMapperProtocol.swift */ = {isa = PBXFileReference; fileEncoding = 4; lastKnownFileType = sourcecode.swift; path = "VehicleprofileArmor+JSONMapperProtocol.swift"; sourceTree = "<group>"; };
		1DAD1B2023D0581B0050B5B7 /* VehicleprofileEngine+JSONMapperProtocol.swift */ = {isa = PBXFileReference; fileEncoding = 4; lastKnownFileType = sourcecode.swift; path = "VehicleprofileEngine+JSONMapperProtocol.swift"; sourceTree = "<group>"; };
		1DAD1B2123D0581B0050B5B7 /* VehicleprofileModule+JSONMapperProtocol.swift */ = {isa = PBXFileReference; fileEncoding = 4; lastKnownFileType = sourcecode.swift; path = "VehicleprofileModule+JSONMapperProtocol.swift"; sourceTree = "<group>"; };
		1DAD1B2223D0581B0050B5B7 /* VehicleprofileAmmoDamage+JSONMapperProtocol.swift */ = {isa = PBXFileReference; fileEncoding = 4; lastKnownFileType = sourcecode.swift; path = "VehicleprofileAmmoDamage+JSONMapperProtocol.swift"; sourceTree = "<group>"; };
		1DAD1B2323D0581B0050B5B7 /* VehicleprofileGun+JSONMapperProtocol.swift */ = {isa = PBXFileReference; fileEncoding = 4; lastKnownFileType = sourcecode.swift; path = "VehicleprofileGun+JSONMapperProtocol.swift"; sourceTree = "<group>"; };
		1DAD1B2423D0581B0050B5B7 /* VehicleprofileTurret+JSONMapperProtocol.swift */ = {isa = PBXFileReference; fileEncoding = 4; lastKnownFileType = sourcecode.swift; path = "VehicleprofileTurret+JSONMapperProtocol.swift"; sourceTree = "<group>"; };
		1DAD1B2523D0581B0050B5B7 /* VehicleprofileSuspension+JSONMapperProtocol.swift */ = {isa = PBXFileReference; fileEncoding = 4; lastKnownFileType = sourcecode.swift; path = "VehicleprofileSuspension+JSONMapperProtocol.swift"; sourceTree = "<group>"; };
		1DAD1B2623D0581B0050B5B7 /* VehicleprofileAmmoPenetration+JSONMapperProtocol.swift */ = {isa = PBXFileReference; fileEncoding = 4; lastKnownFileType = sourcecode.swift; path = "VehicleprofileAmmoPenetration+JSONMapperProtocol.swift"; sourceTree = "<group>"; };
		1DAD1B2723D0581B0050B5B7 /* ModulesTree+JSONMapperProtocol.swift */ = {isa = PBXFileReference; fileEncoding = 4; lastKnownFileType = sourcecode.swift; path = "ModulesTree+JSONMapperProtocol.swift"; sourceTree = "<group>"; };
		1DAD1B2823D0581B0050B5B7 /* Vehicleprofile+JSONMapperProtocol.swift */ = {isa = PBXFileReference; fileEncoding = 4; lastKnownFileType = sourcecode.swift; path = "Vehicleprofile+JSONMapperProtocol.swift"; sourceTree = "<group>"; };
		1DAD1B2923D0581B0050B5B7 /* VehicleprofileAmmoList+JSONMapperProtocol.swift */ = {isa = PBXFileReference; fileEncoding = 4; lastKnownFileType = sourcecode.swift; path = "VehicleprofileAmmoList+JSONMapperProtocol.swift"; sourceTree = "<group>"; };
		1DAD1B2A23D0581B0050B5B7 /* Tankchassis+JSONMapperProtocol.swift */ = {isa = PBXFileReference; fileEncoding = 4; lastKnownFileType = sourcecode.swift; path = "Tankchassis+JSONMapperProtocol.swift"; sourceTree = "<group>"; };
		1DAD1B2B23D0581B0050B5B7 /* VehicleprofileAmmo+JSONMapperProtocol.swift */ = {isa = PBXFileReference; fileEncoding = 4; lastKnownFileType = sourcecode.swift; path = "VehicleprofileAmmo+JSONMapperProtocol.swift"; sourceTree = "<group>"; };
		1DAD1B2C23D0581B0050B5B7 /* VehicleprofileArmorList+JSONMapperProtocol.swift */ = {isa = PBXFileReference; fileEncoding = 4; lastKnownFileType = sourcecode.swift; path = "VehicleprofileArmorList+JSONMapperProtocol.swift"; sourceTree = "<group>"; };
		1DAD1B2D23D0581B0050B5B7 /* VehicleprofileRadio+JSONMapperProtocol.swift */ = {isa = PBXFileReference; fileEncoding = 4; lastKnownFileType = sourcecode.swift; path = "VehicleprofileRadio+JSONMapperProtocol.swift"; sourceTree = "<group>"; };
		1DAD1B4C23D072800050B5B7 /* Vehicles+JSONMapperProtocol.swift */ = {isa = PBXFileReference; fileEncoding = 4; lastKnownFileType = sourcecode.swift; path = "Vehicles+JSONMapperProtocol.swift"; sourceTree = "<group>"; };
		1DAD1B5023D1C28D0050B5B7 /* WOTWEBRequestModulesTree.swift */ = {isa = PBXFileReference; lastKnownFileType = sourcecode.swift; path = WOTWEBRequestModulesTree.swift; sourceTree = "<group>"; };
		1DAD1B5223D1C6990050B5B7 /* NSManagedObject_tryToSave.swift */ = {isa = PBXFileReference; lastKnownFileType = sourcecode.swift; path = NSManagedObject_tryToSave.swift; sourceTree = "<group>"; };
		1DAD1B9923D1D2CC0050B5B7 /* VehicleprofileSuspension+CoreDataClass.swift */ = {isa = PBXFileReference; lastKnownFileType = sourcecode.swift; path = "VehicleprofileSuspension+CoreDataClass.swift"; sourceTree = "<group>"; };
		1DAD1B9A23D1D2CC0050B5B7 /* VehicleprofileSuspension+CoreDataProperties.swift */ = {isa = PBXFileReference; lastKnownFileType = sourcecode.swift; path = "VehicleprofileSuspension+CoreDataProperties.swift"; sourceTree = "<group>"; };
		1DAD1B9B23D1D2CC0050B5B7 /* Vehicles+CoreDataClass.swift */ = {isa = PBXFileReference; lastKnownFileType = sourcecode.swift; path = "Vehicles+CoreDataClass.swift"; sourceTree = "<group>"; };
		1DAD1B9C23D1D2CC0050B5B7 /* Vehicles+CoreDataProperties.swift */ = {isa = PBXFileReference; lastKnownFileType = sourcecode.swift; path = "Vehicles+CoreDataProperties.swift"; sourceTree = "<group>"; };
		1DAD1B9D23D1D2CC0050B5B7 /* Tankturrets+CoreDataClass.swift */ = {isa = PBXFileReference; lastKnownFileType = sourcecode.swift; path = "Tankturrets+CoreDataClass.swift"; sourceTree = "<group>"; };
		1DAD1B9E23D1D2CC0050B5B7 /* Tankturrets+CoreDataProperties.swift */ = {isa = PBXFileReference; lastKnownFileType = sourcecode.swift; path = "Tankturrets+CoreDataProperties.swift"; sourceTree = "<group>"; };
		1DAD1B9F23D1D2CC0050B5B7 /* ListSetting+CoreDataClass.swift */ = {isa = PBXFileReference; lastKnownFileType = sourcecode.swift; path = "ListSetting+CoreDataClass.swift"; sourceTree = "<group>"; };
		1DAD1BA023D1D2CC0050B5B7 /* ListSetting+CoreDataProperties.swift */ = {isa = PBXFileReference; lastKnownFileType = sourcecode.swift; path = "ListSetting+CoreDataProperties.swift"; sourceTree = "<group>"; };
		1DAD1BA123D1D2CC0050B5B7 /* VehicleprofileGun+CoreDataClass.swift */ = {isa = PBXFileReference; lastKnownFileType = sourcecode.swift; path = "VehicleprofileGun+CoreDataClass.swift"; sourceTree = "<group>"; };
		1DAD1BA223D1D2CC0050B5B7 /* VehicleprofileGun+CoreDataProperties.swift */ = {isa = PBXFileReference; lastKnownFileType = sourcecode.swift; path = "VehicleprofileGun+CoreDataProperties.swift"; sourceTree = "<group>"; };
		1DAD1BA323D1D2CC0050B5B7 /* VehicleprofileAmmo+CoreDataClass.swift */ = {isa = PBXFileReference; lastKnownFileType = sourcecode.swift; path = "VehicleprofileAmmo+CoreDataClass.swift"; sourceTree = "<group>"; };
		1DAD1BA423D1D2CC0050B5B7 /* VehicleprofileAmmo+CoreDataProperties.swift */ = {isa = PBXFileReference; lastKnownFileType = sourcecode.swift; path = "VehicleprofileAmmo+CoreDataProperties.swift"; sourceTree = "<group>"; };
		1DAD1BA523D1D2CC0050B5B7 /* VehicleprofileArmorList+CoreDataClass.swift */ = {isa = PBXFileReference; lastKnownFileType = sourcecode.swift; path = "VehicleprofileArmorList+CoreDataClass.swift"; sourceTree = "<group>"; };
		1DAD1BA623D1D2CC0050B5B7 /* VehicleprofileArmorList+CoreDataProperties.swift */ = {isa = PBXFileReference; lastKnownFileType = sourcecode.swift; path = "VehicleprofileArmorList+CoreDataProperties.swift"; sourceTree = "<group>"; };
		1DAD1BA723D1D2CC0050B5B7 /* Tankradios+CoreDataClass.swift */ = {isa = PBXFileReference; lastKnownFileType = sourcecode.swift; path = "Tankradios+CoreDataClass.swift"; sourceTree = "<group>"; };
		1DAD1BA823D1D2CC0050B5B7 /* Tankradios+CoreDataProperties.swift */ = {isa = PBXFileReference; lastKnownFileType = sourcecode.swift; path = "Tankradios+CoreDataProperties.swift"; sourceTree = "<group>"; };
		1DAD1BA923D1D2CC0050B5B7 /* VehicleprofileEngine+CoreDataClass.swift */ = {isa = PBXFileReference; lastKnownFileType = sourcecode.swift; path = "VehicleprofileEngine+CoreDataClass.swift"; sourceTree = "<group>"; };
		1DAD1BAA23D1D2CC0050B5B7 /* VehicleprofileEngine+CoreDataProperties.swift */ = {isa = PBXFileReference; lastKnownFileType = sourcecode.swift; path = "VehicleprofileEngine+CoreDataProperties.swift"; sourceTree = "<group>"; };
		1DAD1BAB23D1D2CC0050B5B7 /* Vehicleprofile+CoreDataClass.swift */ = {isa = PBXFileReference; lastKnownFileType = sourcecode.swift; path = "Vehicleprofile+CoreDataClass.swift"; sourceTree = "<group>"; };
		1DAD1BAC23D1D2CC0050B5B7 /* Vehicleprofile+CoreDataProperties.swift */ = {isa = PBXFileReference; lastKnownFileType = sourcecode.swift; path = "Vehicleprofile+CoreDataProperties.swift"; sourceTree = "<group>"; };
		1DAD1BAD23D1D2CC0050B5B7 /* VehicleprofileArmor+CoreDataClass.swift */ = {isa = PBXFileReference; lastKnownFileType = sourcecode.swift; path = "VehicleprofileArmor+CoreDataClass.swift"; sourceTree = "<group>"; };
		1DAD1BAE23D1D2CC0050B5B7 /* VehicleprofileArmor+CoreDataProperties.swift */ = {isa = PBXFileReference; lastKnownFileType = sourcecode.swift; path = "VehicleprofileArmor+CoreDataProperties.swift"; sourceTree = "<group>"; };
		1DAD1BAF23D1D2CC0050B5B7 /* Tankguns+CoreDataClass.swift */ = {isa = PBXFileReference; lastKnownFileType = sourcecode.swift; path = "Tankguns+CoreDataClass.swift"; sourceTree = "<group>"; };
		1DAD1BB023D1D2CC0050B5B7 /* Tankguns+CoreDataProperties.swift */ = {isa = PBXFileReference; lastKnownFileType = sourcecode.swift; path = "Tankguns+CoreDataProperties.swift"; sourceTree = "<group>"; };
		1DAD1BB123D1D2CC0050B5B7 /* VehicleprofileModule+CoreDataClass.swift */ = {isa = PBXFileReference; lastKnownFileType = sourcecode.swift; path = "VehicleprofileModule+CoreDataClass.swift"; sourceTree = "<group>"; };
		1DAD1BB223D1D2CC0050B5B7 /* VehicleprofileModule+CoreDataProperties.swift */ = {isa = PBXFileReference; lastKnownFileType = sourcecode.swift; path = "VehicleprofileModule+CoreDataProperties.swift"; sourceTree = "<group>"; };
		1DAD1BB323D1D2CC0050B5B7 /* VehicleprofileTurret+CoreDataClass.swift */ = {isa = PBXFileReference; lastKnownFileType = sourcecode.swift; path = "VehicleprofileTurret+CoreDataClass.swift"; sourceTree = "<group>"; };
		1DAD1BB423D1D2CC0050B5B7 /* VehicleprofileTurret+CoreDataProperties.swift */ = {isa = PBXFileReference; lastKnownFileType = sourcecode.swift; path = "VehicleprofileTurret+CoreDataProperties.swift"; sourceTree = "<group>"; };
		1DAD1BB523D1D2CC0050B5B7 /* VehicleprofileAmmoDamage+CoreDataClass.swift */ = {isa = PBXFileReference; lastKnownFileType = sourcecode.swift; path = "VehicleprofileAmmoDamage+CoreDataClass.swift"; sourceTree = "<group>"; };
		1DAD1BB623D1D2CC0050B5B7 /* VehicleprofileAmmoDamage+CoreDataProperties.swift */ = {isa = PBXFileReference; lastKnownFileType = sourcecode.swift; path = "VehicleprofileAmmoDamage+CoreDataProperties.swift"; sourceTree = "<group>"; };
		1DAD1BB723D1D2CC0050B5B7 /* UserSession+CoreDataClass.swift */ = {isa = PBXFileReference; lastKnownFileType = sourcecode.swift; path = "UserSession+CoreDataClass.swift"; sourceTree = "<group>"; };
		1DAD1BB823D1D2CC0050B5B7 /* UserSession+CoreDataProperties.swift */ = {isa = PBXFileReference; lastKnownFileType = sourcecode.swift; path = "UserSession+CoreDataProperties.swift"; sourceTree = "<group>"; };
		1DAD1BB923D1D2CC0050B5B7 /* VehicleprofileRadio+CoreDataClass.swift */ = {isa = PBXFileReference; lastKnownFileType = sourcecode.swift; path = "VehicleprofileRadio+CoreDataClass.swift"; sourceTree = "<group>"; };
		1DAD1BBA23D1D2CC0050B5B7 /* VehicleprofileRadio+CoreDataProperties.swift */ = {isa = PBXFileReference; lastKnownFileType = sourcecode.swift; path = "VehicleprofileRadio+CoreDataProperties.swift"; sourceTree = "<group>"; };
		1DAD1BBB23D1D2CC0050B5B7 /* Tankchassis+CoreDataClass.swift */ = {isa = PBXFileReference; lastKnownFileType = sourcecode.swift; path = "Tankchassis+CoreDataClass.swift"; sourceTree = "<group>"; };
		1DAD1BBC23D1D2CC0050B5B7 /* Tankchassis+CoreDataProperties.swift */ = {isa = PBXFileReference; lastKnownFileType = sourcecode.swift; path = "Tankchassis+CoreDataProperties.swift"; sourceTree = "<group>"; };
		1DAD1BBD23D1D2CC0050B5B7 /* VehicleprofileAmmoList+CoreDataClass.swift */ = {isa = PBXFileReference; lastKnownFileType = sourcecode.swift; path = "VehicleprofileAmmoList+CoreDataClass.swift"; sourceTree = "<group>"; };
		1DAD1BBE23D1D2CC0050B5B7 /* VehicleprofileAmmoList+CoreDataProperties.swift */ = {isa = PBXFileReference; lastKnownFileType = sourcecode.swift; path = "VehicleprofileAmmoList+CoreDataProperties.swift"; sourceTree = "<group>"; };
		1DAD1BBF23D1D2CC0050B5B7 /* ModulesTree+CoreDataClass.swift */ = {isa = PBXFileReference; lastKnownFileType = sourcecode.swift; path = "ModulesTree+CoreDataClass.swift"; sourceTree = "<group>"; };
		1DAD1BC023D1D2CC0050B5B7 /* ModulesTree+CoreDataProperties.swift */ = {isa = PBXFileReference; lastKnownFileType = sourcecode.swift; path = "ModulesTree+CoreDataProperties.swift"; sourceTree = "<group>"; };
		1DAD1BC123D1D2CC0050B5B7 /* Tankengines+CoreDataClass.swift */ = {isa = PBXFileReference; lastKnownFileType = sourcecode.swift; path = "Tankengines+CoreDataClass.swift"; sourceTree = "<group>"; };
		1DAD1BC223D1D2CC0050B5B7 /* Tankengines+CoreDataProperties.swift */ = {isa = PBXFileReference; lastKnownFileType = sourcecode.swift; path = "Tankengines+CoreDataProperties.swift"; sourceTree = "<group>"; };
		1DAD1BC323D1D2CC0050B5B7 /* VehicleprofileAmmoPenetration+CoreDataClass.swift */ = {isa = PBXFileReference; lastKnownFileType = sourcecode.swift; path = "VehicleprofileAmmoPenetration+CoreDataClass.swift"; sourceTree = "<group>"; };
		1DAD1BC423D1D2CC0050B5B7 /* VehicleprofileAmmoPenetration+CoreDataProperties.swift */ = {isa = PBXFileReference; lastKnownFileType = sourcecode.swift; path = "VehicleprofileAmmoPenetration+CoreDataProperties.swift"; sourceTree = "<group>"; };
/* End PBXFileReference section */

/* Begin PBXFrameworksBuildPhase section */
		1D3DAEC62133FD5300368AFA /* Frameworks */ = {
			isa = PBXFrameworksBuildPhase;
			buildActionMask = 2147483647;
			files = (
				1D3DAEE92133FDDE00368AFA /* WOTPivot.framework in Frameworks */,
			);
			runOnlyForDeploymentPostprocessing = 0;
		};
		1D3DAED02133FD5300368AFA /* Frameworks */ = {
			isa = PBXFrameworksBuildPhase;
			buildActionMask = 2147483647;
			files = (
				1D3DAED42133FD5300368AFA /* WOTData.framework in Frameworks */,
			);
			runOnlyForDeploymentPostprocessing = 0;
		};
/* End PBXFrameworksBuildPhase section */

/* Begin PBXGroup section */
		1D3DAEC02133FD5300368AFA = {
			isa = PBXGroup;
			children = (
				1D3DAECC2133FD5300368AFA /* WOTData */,
				1D3DAED72133FD5300368AFA /* WOTDataTests */,
				1D3DAECB2133FD5300368AFA /* Products */,
				1D3DAEE72133FDDE00368AFA /* Frameworks */,
			);
			sourceTree = "<group>";
		};
		1D3DAECB2133FD5300368AFA /* Products */ = {
			isa = PBXGroup;
			children = (
				1D3DAECA2133FD5300368AFA /* WOTData.framework */,
				1D3DAED32133FD5300368AFA /* WOTDataTests.xctest */,
			);
			name = Products;
			sourceTree = "<group>";
		};
		1D3DAECC2133FD5300368AFA /* WOTData */ = {
			isa = PBXGroup;
			children = (
				1D5D0AAD23CCAB45004B0314 /* WebServices */,
				1D5D091A23CCAA77004B0314 /* CoreData */,
				1D3DAECD2133FD5300368AFA /* WOTData.h */,
				1D8C298F21358C6000759C42 /* WOTDataDefines.h */,
				1D5D0AF223CCAC05004B0314 /* WOTDataAPI.swift */,
				1D3DAECE2133FD5300368AFA /* Info.plist */,
			);
			path = WOTData;
			sourceTree = "<group>";
		};
		1D3DAED72133FD5300368AFA /* WOTDataTests */ = {
			isa = PBXGroup;
			children = (
				1D3DAED82133FD5300368AFA /* WOTDataTests.swift */,
				1D3DAEDA2133FD5300368AFA /* Info.plist */,
			);
			path = WOTDataTests;
			sourceTree = "<group>";
		};
		1D3DAEE72133FDDE00368AFA /* Frameworks */ = {
			isa = PBXGroup;
			children = (
				1D3DAEE82133FDDE00368AFA /* WOTPivot.framework */,
			);
			name = Frameworks;
			sourceTree = "<group>";
		};
		1D4ACF3E244489F900C6CBE0 /* Suspension */ = {
			isa = PBXGroup;
			children = (
				1D4ACF3F24448A0800C6CBE0 /* WOTWebResponseAdapterSuspension.swift */,
			);
			path = Suspension;
			sourceTree = "<group>";
		};
		1D5668F42424CFB7008458AF /* responds */ = {
			isa = PBXGroup;
			children = (
				1D4ACF3E244489F900C6CBE0 /* Suspension */,
				1D5668F52424CFB7008458AF /* Chassis */,
				1D5668F72424CFB7008458AF /* Radios */,
				1D5668FA2424CFB7008458AF /* Guns */,
				1D5668FE2424CFB7008458AF /* Profile */,
				1D5669002424CFB7008458AF /* Engines */,
				1D5669032424CFB7008458AF /* AmmoList */,
				1D5669052424CFB7008458AF /* Turrets */,
				1D5669072424CFB7008458AF /* Vehicles */,
				1D5669092424CFB7008458AF /* ModulesTree */,
			);
			path = responds;
			sourceTree = "<group>";
		};
		1D5668F52424CFB7008458AF /* Chassis */ = {
			isa = PBXGroup;
			children = (
				1D5668F62424CFB7008458AF /* WOTWebResponseAdapterChassis.swift */,
			);
			path = Chassis;
			sourceTree = "<group>";
		};
		1D5668F72424CFB7008458AF /* Radios */ = {
			isa = PBXGroup;
			children = (
				1D5668F82424CFB7008458AF /* WOTWebResponseAdapterRadios.h */,
				1D5668F92424CFB7008458AF /* WOTWebResponseAdapterRadios.m */,
			);
			path = Radios;
			sourceTree = "<group>";
		};
		1D5668FA2424CFB7008458AF /* Guns */ = {
			isa = PBXGroup;
			children = (
				1D5668FB2424CFB7008458AF /* WOTWebResponseAdapterGuns.h */,
				1D5668FC2424CFB7008458AF /* WOTWebResponseAdapterGuns.m */,
			);
			path = Guns;
			sourceTree = "<group>";
		};
		1D5668FE2424CFB7008458AF /* Profile */ = {
			isa = PBXGroup;
			children = (
				1D5668FF2424CFB7008458AF /* WOTWebResponseAdapterProfile.swift */,
			);
			path = Profile;
			sourceTree = "<group>";
		};
		1D5669002424CFB7008458AF /* Engines */ = {
			isa = PBXGroup;
			children = (
				1D5669012424CFB7008458AF /* WOTWebResponseAdapterEngines.m */,
				1D5669022424CFB7008458AF /* WOTWebResponseAdapterEngines.h */,
			);
			path = Engines;
			sourceTree = "<group>";
		};
		1D5669032424CFB7008458AF /* AmmoList */ = {
			isa = PBXGroup;
			children = (
				1D5669042424CFB7008458AF /* WOTWebResponseAdapterAmmoList.swift */,
			);
			path = AmmoList;
			sourceTree = "<group>";
		};
		1D5669052424CFB7008458AF /* Turrets */ = {
			isa = PBXGroup;
			children = (
				1D5669062424CFB7008458AF /* WOTWebResponseAdapter.swift */,
			);
			path = Turrets;
			sourceTree = "<group>";
		};
		1D5669072424CFB7008458AF /* Vehicles */ = {
			isa = PBXGroup;
			children = (
				1D5669082424CFB7008458AF /* Vehicles+WOTWebResponseAdapter.swift */,
			);
			path = Vehicles;
			sourceTree = "<group>";
		};
		1D5669092424CFB7008458AF /* ModulesTree */ = {
			isa = PBXGroup;
			children = (
				1D56690A2424CFB7008458AF /* ModulesTree+UI.swift */,
				1D56690B2424CFB7008458AF /* WOTWebResponseAdapterModuleTree.swift */,
			);
			path = ModulesTree;
			sourceTree = "<group>";
		};
		1D5D091A23CCAA77004B0314 /* CoreData */ = {
			isa = PBXGroup;
			children = (
				1D5D091B23CCAA78004B0314 /* model */,
				1D5D0AA423CCAAC5004B0314 /* dataprovider */,
			);
			path = CoreData;
			sourceTree = "<group>";
		};
		1D5D091B23CCAA78004B0314 /* model */ = {
			isa = PBXGroup;
			children = (
				1D5D099923CCAA78004B0314 /* WOT_iOS.xcdatamodeld */,
				1D5D099B23CCAA78004B0314 /* autogenerated */,
				1DAD1B1A23D057D80050B5B7 /* jsonmapper */,
				1D8B7AC523CEF36F00610751 /* custom */,
			);
			path = model;
			sourceTree = "<group>";
		};
		1D5D099B23CCAA78004B0314 /* autogenerated */ = {
			isa = PBXGroup;
			children = (
				1DAD1B9923D1D2CC0050B5B7 /* VehicleprofileSuspension+CoreDataClass.swift */,
				1DAD1B9A23D1D2CC0050B5B7 /* VehicleprofileSuspension+CoreDataProperties.swift */,
				1DAD1B9B23D1D2CC0050B5B7 /* Vehicles+CoreDataClass.swift */,
				1DAD1B9C23D1D2CC0050B5B7 /* Vehicles+CoreDataProperties.swift */,
				1DAD1B9D23D1D2CC0050B5B7 /* Tankturrets+CoreDataClass.swift */,
				1DAD1B9E23D1D2CC0050B5B7 /* Tankturrets+CoreDataProperties.swift */,
				1DAD1B9F23D1D2CC0050B5B7 /* ListSetting+CoreDataClass.swift */,
				1DAD1BA023D1D2CC0050B5B7 /* ListSetting+CoreDataProperties.swift */,
				1DAD1BA123D1D2CC0050B5B7 /* VehicleprofileGun+CoreDataClass.swift */,
				1DAD1BA223D1D2CC0050B5B7 /* VehicleprofileGun+CoreDataProperties.swift */,
				1DAD1BA323D1D2CC0050B5B7 /* VehicleprofileAmmo+CoreDataClass.swift */,
				1DAD1BA423D1D2CC0050B5B7 /* VehicleprofileAmmo+CoreDataProperties.swift */,
				1DAD1BA523D1D2CC0050B5B7 /* VehicleprofileArmorList+CoreDataClass.swift */,
				1DAD1BA623D1D2CC0050B5B7 /* VehicleprofileArmorList+CoreDataProperties.swift */,
				1DAD1BA723D1D2CC0050B5B7 /* Tankradios+CoreDataClass.swift */,
				1DAD1BA823D1D2CC0050B5B7 /* Tankradios+CoreDataProperties.swift */,
				1DAD1BA923D1D2CC0050B5B7 /* VehicleprofileEngine+CoreDataClass.swift */,
				1DAD1BAA23D1D2CC0050B5B7 /* VehicleprofileEngine+CoreDataProperties.swift */,
				1DAD1BAB23D1D2CC0050B5B7 /* Vehicleprofile+CoreDataClass.swift */,
				1DAD1BAC23D1D2CC0050B5B7 /* Vehicleprofile+CoreDataProperties.swift */,
				1DAD1BAD23D1D2CC0050B5B7 /* VehicleprofileArmor+CoreDataClass.swift */,
				1DAD1BAE23D1D2CC0050B5B7 /* VehicleprofileArmor+CoreDataProperties.swift */,
				1DAD1BAF23D1D2CC0050B5B7 /* Tankguns+CoreDataClass.swift */,
				1DAD1BB023D1D2CC0050B5B7 /* Tankguns+CoreDataProperties.swift */,
				1DAD1BB123D1D2CC0050B5B7 /* VehicleprofileModule+CoreDataClass.swift */,
				1DAD1BB223D1D2CC0050B5B7 /* VehicleprofileModule+CoreDataProperties.swift */,
				1DAD1BB323D1D2CC0050B5B7 /* VehicleprofileTurret+CoreDataClass.swift */,
				1DAD1BB423D1D2CC0050B5B7 /* VehicleprofileTurret+CoreDataProperties.swift */,
				1DAD1BB523D1D2CC0050B5B7 /* VehicleprofileAmmoDamage+CoreDataClass.swift */,
				1DAD1BB623D1D2CC0050B5B7 /* VehicleprofileAmmoDamage+CoreDataProperties.swift */,
				1DAD1BB723D1D2CC0050B5B7 /* UserSession+CoreDataClass.swift */,
				1DAD1BB823D1D2CC0050B5B7 /* UserSession+CoreDataProperties.swift */,
				1DAD1BB923D1D2CC0050B5B7 /* VehicleprofileRadio+CoreDataClass.swift */,
				1DAD1BBA23D1D2CC0050B5B7 /* VehicleprofileRadio+CoreDataProperties.swift */,
				1DAD1BBB23D1D2CC0050B5B7 /* Tankchassis+CoreDataClass.swift */,
				1DAD1BBC23D1D2CC0050B5B7 /* Tankchassis+CoreDataProperties.swift */,
				1DAD1BBD23D1D2CC0050B5B7 /* VehicleprofileAmmoList+CoreDataClass.swift */,
				1DAD1BBE23D1D2CC0050B5B7 /* VehicleprofileAmmoList+CoreDataProperties.swift */,
				1DAD1BBF23D1D2CC0050B5B7 /* ModulesTree+CoreDataClass.swift */,
				1DAD1BC023D1D2CC0050B5B7 /* ModulesTree+CoreDataProperties.swift */,
				1DAD1BC123D1D2CC0050B5B7 /* Tankengines+CoreDataClass.swift */,
				1DAD1BC223D1D2CC0050B5B7 /* Tankengines+CoreDataProperties.swift */,
				1DAD1BC323D1D2CC0050B5B7 /* VehicleprofileAmmoPenetration+CoreDataClass.swift */,
				1DAD1BC423D1D2CC0050B5B7 /* VehicleprofileAmmoPenetration+CoreDataProperties.swift */,
			);
			path = autogenerated;
			sourceTree = "<group>";
		};
		1D5D0AA423CCAAC5004B0314 /* dataprovider */ = {
			isa = PBXGroup;
			children = (
				1D5D0AA523CCAAC5004B0314 /* WOTTankCoreDataProvider.swift */,
			);
			path = dataprovider;
			sourceTree = "<group>";
		};
		1D5D0AAD23CCAB45004B0314 /* WebServices */ = {
			isa = PBXGroup;
			children = (
				1D5D0AAE23CCAB7B004B0314 /* requests */,
				1D5668F42424CFB7008458AF /* responds */,
			);
			path = WebServices;
			sourceTree = "<group>";
		};
		1D5D0AAE23CCAB7B004B0314 /* requests */ = {
			isa = PBXGroup;
			children = (
				1D4ACF352444803200C6CBE0 /* WOTWEBRequestSuspension.swift */,
				1D8B786823CDCCCB00610751 /* WOTWEBRequestTankChassis.swift */,
				1D8B786A23CDCCCB00610751 /* WOTWEBRequestTankEngines.swift */,
				1D8B786C23CDCCCC00610751 /* WOTWEBRequestTankGuns.swift */,
				1D8B786723CDCCCB00610751 /* WOTWEBRequestTankProfile.swift */,
				1D8B786B23CDCCCB00610751 /* WOTWEBRequestTankRadios.swift */,
				1D8B786923CDCCCB00610751 /* WOTWEBRequestTankTurrets.swift */,
				1D8B786623CDCCCB00610751 /* WOTWEBRequestTankVehicles.swift */,
				1D8B787423CDD00D00610751 /* WOTWEBRequestTanks.swift */,
				1D5D0AC923CCAB7B004B0314 /* Login */,
				1D5D0ACE23CCAB7B004B0314 /* Session */,
				1D5D0AC523CCAB7B004B0314 /* WOTWEBRequest+Stubs.h */,
				1D5D0AB523CCAB7B004B0314 /* WOTWEBRequest+Stubs.m */,
				1DAD1B5023D1C28D0050B5B7 /* WOTWEBRequestModulesTree.swift */,
			);
			path = requests;
			sourceTree = "<group>";
		};
		1D5D0AC923CCAB7B004B0314 /* Login */ = {
			isa = PBXGroup;
			children = (
				1D98DA4C240FEEC900E258E5 /* WOTWEBRequestLogin.swift */,
				1D2612112410DC7500CFEB16 /* WOTWEBRequestLogout.swift */,
			);
			path = Login;
			sourceTree = "<group>";
		};
		1D5D0ACE23CCAB7B004B0314 /* Session */ = {
			isa = PBXGroup;
			children = (
				1D2612132410DD0800CFEB16 /* WOTClearSessionRequest.swift */,
				1D2612152410DD3C00CFEB16 /* WOTSaveSessionRequest.swift */,
			);
			path = Session;
			sourceTree = "<group>";
		};
		1D8B7AC523CEF36F00610751 /* custom */ = {
			isa = PBXGroup;
			children = (
				1D8B7AC623CEF37A00610751 /* ModuleType.swift */,
				1DA153B4244AD39C00FB3C89 /* WebRequestType.swift */,
				1D8B7ACA23CF09DC00610751 /* VehicleModuleType.swift */,
			);
			path = custom;
			sourceTree = "<group>";
		};
		1DAD1B1A23D057D80050B5B7 /* jsonmapper */ = {
			isa = PBXGroup;
			children = (
				1DAD1B5223D1C6990050B5B7 /* NSManagedObject_tryToSave.swift */,
				1DAD1B2723D0581B0050B5B7 /* ModulesTree+JSONMapperProtocol.swift */,
				1DAD1B2A23D0581B0050B5B7 /* Tankchassis+JSONMapperProtocol.swift */,
				1DAD1B1D23D0581B0050B5B7 /* TankEngines+JSONMapperProtocol.swift */,
				1DAD1B1E23D0581B0050B5B7 /* Tankguns+JSONMapperProtocol.swift */,
				1DAD1B1C23D0581B0050B5B7 /* Tankradios+JSONMapperProtocol.swift */,
				1DAD1B1B23D0581B0050B5B7 /* Tankturrets+JSONMapperProtocol.swift */,
				1DAD1B4C23D072800050B5B7 /* Vehicles+JSONMapperProtocol.swift */,
				1DAD1B2823D0581B0050B5B7 /* Vehicleprofile+JSONMapperProtocol.swift */,
				1DAD1B2B23D0581B0050B5B7 /* VehicleprofileAmmo+JSONMapperProtocol.swift */,
				1DAD1B2223D0581B0050B5B7 /* VehicleprofileAmmoDamage+JSONMapperProtocol.swift */,
				1DAD1B2923D0581B0050B5B7 /* VehicleprofileAmmoList+JSONMapperProtocol.swift */,
				1DAD1B2623D0581B0050B5B7 /* VehicleprofileAmmoPenetration+JSONMapperProtocol.swift */,
				1DAD1B1F23D0581B0050B5B7 /* VehicleprofileArmor+JSONMapperProtocol.swift */,
				1DAD1B2C23D0581B0050B5B7 /* VehicleprofileArmorList+JSONMapperProtocol.swift */,
				1DAD1B2023D0581B0050B5B7 /* VehicleprofileEngine+JSONMapperProtocol.swift */,
				1DAD1B2323D0581B0050B5B7 /* VehicleprofileGun+JSONMapperProtocol.swift */,
				1DAD1B2123D0581B0050B5B7 /* VehicleprofileModule+JSONMapperProtocol.swift */,
				1DAD1B2D23D0581B0050B5B7 /* VehicleprofileRadio+JSONMapperProtocol.swift */,
				1DAD1B2523D0581B0050B5B7 /* VehicleprofileSuspension+JSONMapperProtocol.swift */,
				1DAD1B2423D0581B0050B5B7 /* VehicleprofileTurret+JSONMapperProtocol.swift */,
			);
			path = jsonmapper;
			sourceTree = "<group>";
		};
/* End PBXGroup section */

/* Begin PBXHeadersBuildPhase section */
		1D3DAEC72133FD5300368AFA /* Headers */ = {
			isa = PBXHeadersBuildPhase;
			buildActionMask = 2147483647;
			files = (
				1D8C299021358CA600759C42 /* WOTDataDefines.h in Headers */,
				1D5669142424CFB7008458AF /* WOTWebResponseAdapterGuns.h in Headers */,
				1D5D0AE223CCAB7B004B0314 /* WOTWEBRequest+Stubs.h in Headers */,
				1D5669122424CFB7008458AF /* WOTWebResponseAdapterRadios.h in Headers */,
				1D5669192424CFB7008458AF /* WOTWebResponseAdapterEngines.h in Headers */,
				1D3DAEDB2133FD5300368AFA /* WOTData.h in Headers */,
			);
			runOnlyForDeploymentPostprocessing = 0;
		};
/* End PBXHeadersBuildPhase section */

/* Begin PBXNativeTarget section */
		1D3DAEC92133FD5300368AFA /* WOTData */ = {
			isa = PBXNativeTarget;
			buildConfigurationList = 1D3DAEDE2133FD5300368AFA /* Build configuration list for PBXNativeTarget "WOTData" */;
			buildPhases = (
				1D3DAEC52133FD5300368AFA /* Sources */,
				1D3DAEC62133FD5300368AFA /* Frameworks */,
				1D3DAEC72133FD5300368AFA /* Headers */,
				1D3DAEC82133FD5300368AFA /* Resources */,
			);
			buildRules = (
			);
			dependencies = (
			);
			name = WOTData;
			productName = WOTData;
			productReference = 1D3DAECA2133FD5300368AFA /* WOTData.framework */;
			productType = "com.apple.product-type.framework";
		};
		1D3DAED22133FD5300368AFA /* WOTDataTests */ = {
			isa = PBXNativeTarget;
			buildConfigurationList = 1D3DAEE12133FD5300368AFA /* Build configuration list for PBXNativeTarget "WOTDataTests" */;
			buildPhases = (
				1D3DAECF2133FD5300368AFA /* Sources */,
				1D3DAED02133FD5300368AFA /* Frameworks */,
				1D3DAED12133FD5300368AFA /* Resources */,
			);
			buildRules = (
			);
			dependencies = (
				1D3DAED62133FD5300368AFA /* PBXTargetDependency */,
			);
			name = WOTDataTests;
			productName = WOTDataTests;
			productReference = 1D3DAED32133FD5300368AFA /* WOTDataTests.xctest */;
			productType = "com.apple.product-type.bundle.unit-test";
		};
/* End PBXNativeTarget section */

/* Begin PBXProject section */
		1D3DAEC12133FD5300368AFA /* Project object */ = {
			isa = PBXProject;
			attributes = {
				LastSwiftUpdateCheck = 0940;
				LastUpgradeCheck = 0940;
				ORGANIZATIONNAME = "Pavel Yeshchyk";
				TargetAttributes = {
					1D3DAEC92133FD5300368AFA = {
						CreatedOnToolsVersion = 9.4.1;
						LastSwiftMigration = 1140;
					};
					1D3DAED22133FD5300368AFA = {
						CreatedOnToolsVersion = 9.4.1;
						LastSwiftMigration = 1010;
					};
				};
			};
			buildConfigurationList = 1D3DAEC42133FD5300368AFA /* Build configuration list for PBXProject "WOTData" */;
			compatibilityVersion = "Xcode 9.3";
			developmentRegion = en;
			hasScannedForEncodings = 0;
			knownRegions = (
				en,
				Base,
			);
			mainGroup = 1D3DAEC02133FD5300368AFA;
			productRefGroup = 1D3DAECB2133FD5300368AFA /* Products */;
			projectDirPath = "";
			projectRoot = "";
			targets = (
				1D3DAEC92133FD5300368AFA /* WOTData */,
				1D3DAED22133FD5300368AFA /* WOTDataTests */,
			);
		};
/* End PBXProject section */

/* Begin PBXResourcesBuildPhase section */
		1D3DAEC82133FD5300368AFA /* Resources */ = {
			isa = PBXResourcesBuildPhase;
			buildActionMask = 2147483647;
			files = (
			);
			runOnlyForDeploymentPostprocessing = 0;
		};
		1D3DAED12133FD5300368AFA /* Resources */ = {
			isa = PBXResourcesBuildPhase;
			buildActionMask = 2147483647;
			files = (
			);
			runOnlyForDeploymentPostprocessing = 0;
		};
/* End PBXResourcesBuildPhase section */

/* Begin PBXSourcesBuildPhase section */
		1D3DAEC52133FD5300368AFA /* Sources */ = {
			isa = PBXSourcesBuildPhase;
			buildActionMask = 2147483647;
			files = (
				1D8B786D23CDCCCC00610751 /* WOTWEBRequestTankVehicles.swift in Sources */,
				1DAD1BC923D1D2CC0050B5B7 /* Tankturrets+CoreDataClass.swift in Sources */,
				1DAD1BED23D1D2CC0050B5B7 /* Tankengines+CoreDataClass.swift in Sources */,
				1DAD1BE323D1D2CC0050B5B7 /* UserSession+CoreDataClass.swift in Sources */,
				1DAD1BE923D1D2CC0050B5B7 /* VehicleprofileAmmoList+CoreDataClass.swift in Sources */,
				1DAD1BE523D1D2CC0050B5B7 /* VehicleprofileRadio+CoreDataClass.swift in Sources */,
				1DAD1BF023D1D2CC0050B5B7 /* VehicleprofileAmmoPenetration+CoreDataProperties.swift in Sources */,
				1D8B787323CDCCCC00610751 /* WOTWEBRequestTankGuns.swift in Sources */,
				1DAD1BDC23D1D2CC0050B5B7 /* Tankguns+CoreDataProperties.swift in Sources */,
				1DAD1BCD23D1D2CC0050B5B7 /* VehicleprofileGun+CoreDataClass.swift in Sources */,
				1DAD1B3623D0581B0050B5B7 /* VehicleprofileGun+JSONMapperProtocol.swift in Sources */,
				1D4ACF362444803200C6CBE0 /* WOTWEBRequestSuspension.swift in Sources */,
				1D8B7AC723CEF37A00610751 /* ModuleType.swift in Sources */,
				1DAD1B3E23D0581B0050B5B7 /* VehicleprofileAmmo+JSONMapperProtocol.swift in Sources */,
				1DAD1B3D23D0581B0050B5B7 /* Tankchassis+JSONMapperProtocol.swift in Sources */,
				1D56691C2424CFB7008458AF /* Vehicles+WOTWebResponseAdapter.swift in Sources */,
				1D5669132424CFB7008458AF /* WOTWebResponseAdapterRadios.m in Sources */,
				1DAD1BEE23D1D2CC0050B5B7 /* Tankengines+CoreDataProperties.swift in Sources */,
				1D2612162410DD3C00CFEB16 /* WOTSaveSessionRequest.swift in Sources */,
				1DAD1BCB23D1D2CC0050B5B7 /* ListSetting+CoreDataClass.swift in Sources */,
				1DAD1BC823D1D2CC0050B5B7 /* Vehicles+CoreDataProperties.swift in Sources */,
				1DAD1BCF23D1D2CC0050B5B7 /* VehicleprofileAmmo+CoreDataClass.swift in Sources */,
				1D56691A2424CFB7008458AF /* WOTWebResponseAdapterAmmoList.swift in Sources */,
				1D8B786F23CDCCCC00610751 /* WOTWEBRequestTankChassis.swift in Sources */,
				1D5669112424CFB7008458AF /* WOTWebResponseAdapterChassis.swift in Sources */,
				1DAD1B5323D1C6990050B5B7 /* NSManagedObject_tryToSave.swift in Sources */,
				1D2612142410DD0800CFEB16 /* WOTClearSessionRequest.swift in Sources */,
				1DAD1BD823D1D2CC0050B5B7 /* Vehicleprofile+CoreDataProperties.swift in Sources */,
				1D8B787523CDD00D00610751 /* WOTWEBRequestTanks.swift in Sources */,
				1DAD1B3723D0581B0050B5B7 /* VehicleprofileTurret+JSONMapperProtocol.swift in Sources */,
				1DAD1B3B23D0581B0050B5B7 /* Vehicleprofile+JSONMapperProtocol.swift in Sources */,
				1DAD1BC523D1D2CC0050B5B7 /* VehicleprofileSuspension+CoreDataClass.swift in Sources */,
				1DAD1BCC23D1D2CC0050B5B7 /* ListSetting+CoreDataProperties.swift in Sources */,
				1D8B786E23CDCCCC00610751 /* WOTWEBRequestTankProfile.swift in Sources */,
				1DAD1BDD23D1D2CC0050B5B7 /* VehicleprofileModule+CoreDataClass.swift in Sources */,
				1DAD1B3823D0581B0050B5B7 /* VehicleprofileSuspension+JSONMapperProtocol.swift in Sources */,
				1DAD1BC723D1D2CC0050B5B7 /* Vehicles+CoreDataClass.swift in Sources */,
				1D5D0AF323CCAC05004B0314 /* WOTDataAPI.swift in Sources */,
				1DAD1B3223D0581B0050B5B7 /* VehicleprofileArmor+JSONMapperProtocol.swift in Sources */,
				1D2612122410DC7500CFEB16 /* WOTWEBRequestLogout.swift in Sources */,
				1DAD1BDA23D1D2CC0050B5B7 /* VehicleprofileArmor+CoreDataProperties.swift in Sources */,
				1DAD1B3C23D0581B0050B5B7 /* VehicleprofileAmmoList+JSONMapperProtocol.swift in Sources */,
				1DAD1BE123D1D2CC0050B5B7 /* VehicleprofileAmmoDamage+CoreDataClass.swift in Sources */,
				1DAD1B4023D0581B0050B5B7 /* VehicleprofileRadio+JSONMapperProtocol.swift in Sources */,
				1DAD1BD223D1D2CC0050B5B7 /* VehicleprofileArmorList+CoreDataProperties.swift in Sources */,
				1DAD1B3F23D0581B0050B5B7 /* VehicleprofileArmorList+JSONMapperProtocol.swift in Sources */,
				1DAD1B4D23D072810050B5B7 /* Vehicles+JSONMapperProtocol.swift in Sources */,
				1DAD1BDF23D1D2CC0050B5B7 /* VehicleprofileTurret+CoreDataClass.swift in Sources */,
				1DAD1BD723D1D2CC0050B5B7 /* Vehicleprofile+CoreDataClass.swift in Sources */,
				1DAD1B3A23D0581B0050B5B7 /* ModulesTree+JSONMapperProtocol.swift in Sources */,
				1DAD1B3023D0581B0050B5B7 /* TankEngines+JSONMapperProtocol.swift in Sources */,
				1DAD1BD423D1D2CC0050B5B7 /* Tankradios+CoreDataProperties.swift in Sources */,
				1DAD1B2E23D0581B0050B5B7 /* Tankturrets+JSONMapperProtocol.swift in Sources */,
				1D5669182424CFB7008458AF /* WOTWebResponseAdapterEngines.m in Sources */,
				1D56691B2424CFB7008458AF /* WOTWebResponseAdapter.swift in Sources */,
				1DAD1B3423D0581B0050B5B7 /* VehicleprofileModule+JSONMapperProtocol.swift in Sources */,
				1D8B7ACB23CF09DC00610751 /* VehicleModuleType.swift in Sources */,
				1DAD1BCA23D1D2CC0050B5B7 /* Tankturrets+CoreDataProperties.swift in Sources */,
				1DAD1BE223D1D2CC0050B5B7 /* VehicleprofileAmmoDamage+CoreDataProperties.swift in Sources */,
				1DAD1BE723D1D2CC0050B5B7 /* Tankchassis+CoreDataClass.swift in Sources */,
				1DAD1BC623D1D2CC0050B5B7 /* VehicleprofileSuspension+CoreDataProperties.swift in Sources */,
				1D8B787023CDCCCC00610751 /* WOTWEBRequestTankTurrets.swift in Sources */,
				1DAD1B2F23D0581B0050B5B7 /* Tankradios+JSONMapperProtocol.swift in Sources */,
				1D4ACF4024448A0800C6CBE0 /* WOTWebResponseAdapterSuspension.swift in Sources */,
				1D5D0AA623CCAAC5004B0314 /* WOTTankCoreDataProvider.swift in Sources */,
				1D8B787123CDCCCC00610751 /* WOTWEBRequestTankEngines.swift in Sources */,
				1DAD1BD923D1D2CC0050B5B7 /* VehicleprofileArmor+CoreDataClass.swift in Sources */,
				1DAD1B3923D0581B0050B5B7 /* VehicleprofileAmmoPenetration+JSONMapperProtocol.swift in Sources */,
				1D98DA4D240FEEC900E258E5 /* WOTWEBRequestLogin.swift in Sources */,
				1D5669172424CFB7008458AF /* WOTWebResponseAdapterProfile.swift in Sources */,
				1DAD1BEB23D1D2CC0050B5B7 /* ModulesTree+CoreDataClass.swift in Sources */,
				1DAD1BD023D1D2CC0050B5B7 /* VehicleprofileAmmo+CoreDataProperties.swift in Sources */,
				1DAD1BD323D1D2CC0050B5B7 /* Tankradios+CoreDataClass.swift in Sources */,
				1DAD1BDE23D1D2CC0050B5B7 /* VehicleprofileModule+CoreDataProperties.swift in Sources */,
				1DAD1BEF23D1D2CC0050B5B7 /* VehicleprofileAmmoPenetration+CoreDataClass.swift in Sources */,
				1DAD1BEA23D1D2CC0050B5B7 /* VehicleprofileAmmoList+CoreDataProperties.swift in Sources */,
				1DAD1BE023D1D2CC0050B5B7 /* VehicleprofileTurret+CoreDataProperties.swift in Sources */,
				1D5D0A4E23CCAA78004B0314 /* WOT_iOS.xcdatamodeld in Sources */,
				1D8B787223CDCCCC00610751 /* WOTWEBRequestTankRadios.swift in Sources */,
				1DAD1BE823D1D2CC0050B5B7 /* Tankchassis+CoreDataProperties.swift in Sources */,
				1DAD1BCE23D1D2CC0050B5B7 /* VehicleprofileGun+CoreDataProperties.swift in Sources */,
				1D56691E2424CFB7008458AF /* WOTWebResponseAdapterModuleTree.swift in Sources */,
				1D56691D2424CFB7008458AF /* ModulesTree+UI.swift in Sources */,
				1DAD1BEC23D1D2CC0050B5B7 /* ModulesTree+CoreDataProperties.swift in Sources */,
				1DAD1BE423D1D2CC0050B5B7 /* UserSession+CoreDataProperties.swift in Sources */,
				1D5D0AD723CCAB7B004B0314 /* WOTWEBRequest+Stubs.m in Sources */,
				1DAD1BD623D1D2CC0050B5B7 /* VehicleprofileEngine+CoreDataProperties.swift in Sources */,
				1DA153B5244AD39C00FB3C89 /* WebRequestType.swift in Sources */,
				1DAD1BD123D1D2CC0050B5B7 /* VehicleprofileArmorList+CoreDataClass.swift in Sources */,
				1D5669152424CFB7008458AF /* WOTWebResponseAdapterGuns.m in Sources */,
				1DAD1BE623D1D2CC0050B5B7 /* VehicleprofileRadio+CoreDataProperties.swift in Sources */,
				1DAD1B3123D0581B0050B5B7 /* Tankguns+JSONMapperProtocol.swift in Sources */,
				1DAD1BD523D1D2CC0050B5B7 /* VehicleprofileEngine+CoreDataClass.swift in Sources */,
				1DAD1B3323D0581B0050B5B7 /* VehicleprofileEngine+JSONMapperProtocol.swift in Sources */,
				1DAD1B5123D1C28D0050B5B7 /* WOTWEBRequestModulesTree.swift in Sources */,
				1DAD1BDB23D1D2CC0050B5B7 /* Tankguns+CoreDataClass.swift in Sources */,
				1DAD1B3523D0581B0050B5B7 /* VehicleprofileAmmoDamage+JSONMapperProtocol.swift in Sources */,
			);
			runOnlyForDeploymentPostprocessing = 0;
		};
		1D3DAECF2133FD5300368AFA /* Sources */ = {
			isa = PBXSourcesBuildPhase;
			buildActionMask = 2147483647;
			files = (
				1D3DAED92133FD5300368AFA /* WOTDataTests.swift in Sources */,
			);
			runOnlyForDeploymentPostprocessing = 0;
		};
/* End PBXSourcesBuildPhase section */

/* Begin PBXTargetDependency section */
		1D3DAED62133FD5300368AFA /* PBXTargetDependency */ = {
			isa = PBXTargetDependency;
			target = 1D3DAEC92133FD5300368AFA /* WOTData */;
			targetProxy = 1D3DAED52133FD5300368AFA /* PBXContainerItemProxy */;
		};
/* End PBXTargetDependency section */

/* Begin XCBuildConfiguration section */
		1D3DAEDC2133FD5300368AFA /* Debug */ = {
			isa = XCBuildConfiguration;
			buildSettings = {
				ALWAYS_SEARCH_USER_PATHS = NO;
				CLANG_ALLOW_NON_MODULAR_INCLUDES_IN_FRAMEWORK_MODULES = YES;
				CLANG_ANALYZER_NONNULL = YES;
				CLANG_ANALYZER_NUMBER_OBJECT_CONVERSION = YES_AGGRESSIVE;
				CLANG_CXX_LANGUAGE_STANDARD = "gnu++14";
				CLANG_CXX_LIBRARY = "libc++";
				CLANG_ENABLE_MODULES = YES;
				CLANG_ENABLE_OBJC_ARC = YES;
				CLANG_ENABLE_OBJC_WEAK = YES;
				CLANG_WARN_BLOCK_CAPTURE_AUTORELEASING = YES;
				CLANG_WARN_BOOL_CONVERSION = YES;
				CLANG_WARN_COMMA = YES;
				CLANG_WARN_CONSTANT_CONVERSION = YES;
				CLANG_WARN_DEPRECATED_OBJC_IMPLEMENTATIONS = YES;
				CLANG_WARN_DIRECT_OBJC_ISA_USAGE = YES_ERROR;
				CLANG_WARN_DOCUMENTATION_COMMENTS = YES;
				CLANG_WARN_EMPTY_BODY = YES;
				CLANG_WARN_ENUM_CONVERSION = YES;
				CLANG_WARN_INFINITE_RECURSION = YES;
				CLANG_WARN_INT_CONVERSION = YES;
				CLANG_WARN_NON_LITERAL_NULL_CONVERSION = YES;
				CLANG_WARN_OBJC_IMPLICIT_RETAIN_SELF = YES;
				CLANG_WARN_OBJC_LITERAL_CONVERSION = YES;
				CLANG_WARN_OBJC_ROOT_CLASS = YES_ERROR;
				CLANG_WARN_RANGE_LOOP_ANALYSIS = YES;
				CLANG_WARN_STRICT_PROTOTYPES = YES;
				CLANG_WARN_SUSPICIOUS_MOVE = YES;
				CLANG_WARN_UNGUARDED_AVAILABILITY = YES_AGGRESSIVE;
				CLANG_WARN_UNREACHABLE_CODE = YES;
				CLANG_WARN__DUPLICATE_METHOD_MATCH = YES;
				CODE_SIGN_IDENTITY = "iPhone Developer";
				COPY_PHASE_STRIP = NO;
				CURRENT_PROJECT_VERSION = 1;
				DEBUG_INFORMATION_FORMAT = dwarf;
				ENABLE_STRICT_OBJC_MSGSEND = YES;
				ENABLE_TESTABILITY = YES;
				GCC_C_LANGUAGE_STANDARD = gnu11;
				GCC_DYNAMIC_NO_PIC = NO;
				GCC_NO_COMMON_BLOCKS = YES;
				GCC_OPTIMIZATION_LEVEL = 0;
				GCC_PREPROCESSOR_DEFINITIONS = (
					"DEBUG=1",
					"$(inherited)",
				);
				GCC_WARN_64_TO_32_BIT_CONVERSION = YES;
				GCC_WARN_ABOUT_RETURN_TYPE = YES_ERROR;
				GCC_WARN_UNDECLARED_SELECTOR = YES;
				GCC_WARN_UNINITIALIZED_AUTOS = YES_AGGRESSIVE;
				GCC_WARN_UNUSED_FUNCTION = YES;
				GCC_WARN_UNUSED_VARIABLE = YES;
				IPHONEOS_DEPLOYMENT_TARGET = 11.4;
				MTL_ENABLE_DEBUG_INFO = YES;
				ONLY_ACTIVE_ARCH = YES;
				SDKROOT = iphoneos;
				SWIFT_ACTIVE_COMPILATION_CONDITIONS = DEBUG;
				SWIFT_OBJC_INTERFACE_HEADER_NAME = "WOTData-Swift.h";
				SWIFT_OPTIMIZATION_LEVEL = "-Onone";
				VERSIONING_SYSTEM = "apple-generic";
				VERSION_INFO_PREFIX = "";
			};
			name = Debug;
		};
		1D3DAEDD2133FD5300368AFA /* Release */ = {
			isa = XCBuildConfiguration;
			buildSettings = {
				ALWAYS_SEARCH_USER_PATHS = NO;
				CLANG_ALLOW_NON_MODULAR_INCLUDES_IN_FRAMEWORK_MODULES = YES;
				CLANG_ANALYZER_NONNULL = YES;
				CLANG_ANALYZER_NUMBER_OBJECT_CONVERSION = YES_AGGRESSIVE;
				CLANG_CXX_LANGUAGE_STANDARD = "gnu++14";
				CLANG_CXX_LIBRARY = "libc++";
				CLANG_ENABLE_MODULES = YES;
				CLANG_ENABLE_OBJC_ARC = YES;
				CLANG_ENABLE_OBJC_WEAK = YES;
				CLANG_WARN_BLOCK_CAPTURE_AUTORELEASING = YES;
				CLANG_WARN_BOOL_CONVERSION = YES;
				CLANG_WARN_COMMA = YES;
				CLANG_WARN_CONSTANT_CONVERSION = YES;
				CLANG_WARN_DEPRECATED_OBJC_IMPLEMENTATIONS = YES;
				CLANG_WARN_DIRECT_OBJC_ISA_USAGE = YES_ERROR;
				CLANG_WARN_DOCUMENTATION_COMMENTS = YES;
				CLANG_WARN_EMPTY_BODY = YES;
				CLANG_WARN_ENUM_CONVERSION = YES;
				CLANG_WARN_INFINITE_RECURSION = YES;
				CLANG_WARN_INT_CONVERSION = YES;
				CLANG_WARN_NON_LITERAL_NULL_CONVERSION = YES;
				CLANG_WARN_OBJC_IMPLICIT_RETAIN_SELF = YES;
				CLANG_WARN_OBJC_LITERAL_CONVERSION = YES;
				CLANG_WARN_OBJC_ROOT_CLASS = YES_ERROR;
				CLANG_WARN_RANGE_LOOP_ANALYSIS = YES;
				CLANG_WARN_STRICT_PROTOTYPES = YES;
				CLANG_WARN_SUSPICIOUS_MOVE = YES;
				CLANG_WARN_UNGUARDED_AVAILABILITY = YES_AGGRESSIVE;
				CLANG_WARN_UNREACHABLE_CODE = YES;
				CLANG_WARN__DUPLICATE_METHOD_MATCH = YES;
				CODE_SIGN_IDENTITY = "iPhone Developer";
				COPY_PHASE_STRIP = NO;
				CURRENT_PROJECT_VERSION = 1;
				DEBUG_INFORMATION_FORMAT = "dwarf-with-dsym";
				ENABLE_NS_ASSERTIONS = NO;
				ENABLE_STRICT_OBJC_MSGSEND = YES;
				GCC_C_LANGUAGE_STANDARD = gnu11;
				GCC_NO_COMMON_BLOCKS = YES;
				GCC_WARN_64_TO_32_BIT_CONVERSION = YES;
				GCC_WARN_ABOUT_RETURN_TYPE = YES_ERROR;
				GCC_WARN_UNDECLARED_SELECTOR = YES;
				GCC_WARN_UNINITIALIZED_AUTOS = YES_AGGRESSIVE;
				GCC_WARN_UNUSED_FUNCTION = YES;
				GCC_WARN_UNUSED_VARIABLE = YES;
				IPHONEOS_DEPLOYMENT_TARGET = 11.4;
				MTL_ENABLE_DEBUG_INFO = NO;
				SDKROOT = iphoneos;
				SWIFT_COMPILATION_MODE = wholemodule;
				SWIFT_OBJC_INTERFACE_HEADER_NAME = "WOTData-Swift.h";
				SWIFT_OPTIMIZATION_LEVEL = "-O";
				VALIDATE_PRODUCT = YES;
				VERSIONING_SYSTEM = "apple-generic";
				VERSION_INFO_PREFIX = "";
			};
			name = Release;
		};
		1D3DAEDF2133FD5300368AFA /* Debug */ = {
			isa = XCBuildConfiguration;
			buildSettings = {
				CLANG_ENABLE_MODULES = YES;
				CODE_SIGN_IDENTITY = "";
				CODE_SIGN_STYLE = Automatic;
				DEFINES_MODULE = YES;
				DYLIB_COMPATIBILITY_VERSION = 1;
				DYLIB_CURRENT_VERSION = 1;
				DYLIB_INSTALL_NAME_BASE = "@rpath";
				INFOPLIST_FILE = WOTData/Info.plist;
				INSTALL_PATH = "$(LOCAL_LIBRARY_DIR)/Frameworks";
				IPHONEOS_DEPLOYMENT_TARGET = 8.1;
				LD_RUNPATH_SEARCH_PATHS = (
					"$(inherited)",
					"@executable_path/Frameworks",
					"@loader_path/Frameworks",
				);
				PRODUCT_BUNDLE_IDENTIFIER = com.epam.WOTData;
				PRODUCT_NAME = "$(TARGET_NAME:c99extidentifier)";
				SKIP_INSTALL = YES;
				SWIFT_OBJC_INTERFACE_HEADER_NAME = "$(PRODUCT_NAME)-Swift.h";
				SWIFT_OPTIMIZATION_LEVEL = "-Onone";
				SWIFT_VERSION = 5.0;
				TARGETED_DEVICE_FAMILY = "1,2";
			};
			name = Debug;
		};
		1D3DAEE02133FD5300368AFA /* Release */ = {
			isa = XCBuildConfiguration;
			buildSettings = {
				CLANG_ENABLE_MODULES = YES;
				CODE_SIGN_IDENTITY = "";
				CODE_SIGN_STYLE = Automatic;
				DEFINES_MODULE = YES;
				DYLIB_COMPATIBILITY_VERSION = 1;
				DYLIB_CURRENT_VERSION = 1;
				DYLIB_INSTALL_NAME_BASE = "@rpath";
				INFOPLIST_FILE = WOTData/Info.plist;
				INSTALL_PATH = "$(LOCAL_LIBRARY_DIR)/Frameworks";
				IPHONEOS_DEPLOYMENT_TARGET = 8.1;
				LD_RUNPATH_SEARCH_PATHS = (
					"$(inherited)",
					"@executable_path/Frameworks",
					"@loader_path/Frameworks",
				);
				PRODUCT_BUNDLE_IDENTIFIER = com.epam.WOTData;
				PRODUCT_NAME = "$(TARGET_NAME:c99extidentifier)";
				SKIP_INSTALL = YES;
				SWIFT_OBJC_INTERFACE_HEADER_NAME = "$(PRODUCT_NAME)-Swift.h";
				SWIFT_VERSION = 5.0;
				TARGETED_DEVICE_FAMILY = "1,2";
			};
			name = Release;
		};
		1D3DAEE22133FD5300368AFA /* Debug */ = {
			isa = XCBuildConfiguration;
			buildSettings = {
				ALWAYS_EMBED_SWIFT_STANDARD_LIBRARIES = YES;
				CODE_SIGN_STYLE = Automatic;
				INFOPLIST_FILE = WOTDataTests/Info.plist;
				LD_RUNPATH_SEARCH_PATHS = (
					"$(inherited)",
					"@executable_path/Frameworks",
					"@loader_path/Frameworks",
				);
				PRODUCT_BUNDLE_IDENTIFIER = com.epam.WOTDataTests;
				PRODUCT_NAME = "$(TARGET_NAME)";
				SWIFT_VERSION = 4.2;
				TARGETED_DEVICE_FAMILY = "1,2";
			};
			name = Debug;
		};
		1D3DAEE32133FD5300368AFA /* Release */ = {
			isa = XCBuildConfiguration;
			buildSettings = {
				ALWAYS_EMBED_SWIFT_STANDARD_LIBRARIES = YES;
				CODE_SIGN_STYLE = Automatic;
				INFOPLIST_FILE = WOTDataTests/Info.plist;
				LD_RUNPATH_SEARCH_PATHS = (
					"$(inherited)",
					"@executable_path/Frameworks",
					"@loader_path/Frameworks",
				);
				PRODUCT_BUNDLE_IDENTIFIER = com.epam.WOTDataTests;
				PRODUCT_NAME = "$(TARGET_NAME)";
				SWIFT_VERSION = 4.2;
				TARGETED_DEVICE_FAMILY = "1,2";
			};
			name = Release;
		};
/* End XCBuildConfiguration section */

/* Begin XCConfigurationList section */
		1D3DAEC42133FD5300368AFA /* Build configuration list for PBXProject "WOTData" */ = {
			isa = XCConfigurationList;
			buildConfigurations = (
				1D3DAEDC2133FD5300368AFA /* Debug */,
				1D3DAEDD2133FD5300368AFA /* Release */,
			);
			defaultConfigurationIsVisible = 0;
			defaultConfigurationName = Release;
		};
		1D3DAEDE2133FD5300368AFA /* Build configuration list for PBXNativeTarget "WOTData" */ = {
			isa = XCConfigurationList;
			buildConfigurations = (
				1D3DAEDF2133FD5300368AFA /* Debug */,
				1D3DAEE02133FD5300368AFA /* Release */,
			);
			defaultConfigurationIsVisible = 0;
			defaultConfigurationName = Release;
		};
		1D3DAEE12133FD5300368AFA /* Build configuration list for PBXNativeTarget "WOTDataTests" */ = {
			isa = XCConfigurationList;
			buildConfigurations = (
				1D3DAEE22133FD5300368AFA /* Debug */,
				1D3DAEE32133FD5300368AFA /* Release */,
			);
			defaultConfigurationIsVisible = 0;
			defaultConfigurationName = Release;
		};
/* End XCConfigurationList section */

/* Begin XCVersionGroup section */
		1D5D099923CCAA78004B0314 /* WOT_iOS.xcdatamodeld */ = {
			isa = XCVersionGroup;
			children = (
				1D5D099A23CCAA78004B0314 /* WOT_iOS.xcdatamodel */,
			);
			currentVersion = 1D5D099A23CCAA78004B0314 /* WOT_iOS.xcdatamodel */;
			path = WOT_iOS.xcdatamodeld;
			sourceTree = "<group>";
			versionGroupType = wrapper.xcdatamodel;
		};
/* End XCVersionGroup section */
	};
	rootObject = 1D3DAEC12133FD5300368AFA /* Project object */;
}
